PODS:
  - ActiveLabel (1.0.1)
  - Alamofire (4.0.0)
  - CCBottomRefreshControl (0.5.1):
    - Masonry (~> 0.6.2)
  - FBAEMKit (12.0.2):
    - FBSDKCoreKit_Basics (= 12.0.2)
  - FBSDKCoreKit (12.0.2):
    - FBAEMKit (= 12.0.2)
    - FBSDKCoreKit_Basics (= 12.0.2)
  - FBSDKCoreKit_Basics (12.0.2)
  - FBSDKLoginKit (12.0.2):
    - FBSDKCoreKit (= 12.0.2)
  - FBSDKShareKit (12.0.2):
    - FBSDKCoreKit (= 12.0.2)
  - Firebase/Analytics (3.6.0):
    - FirebaseAnalytics (= 3.4.2)
  - Firebase/Auth (3.6.0):
    - Firebase/Analytics
    - FirebaseAuth (= 3.0.5)
  - Firebase/Core (3.6.0):
    - Firebase/Analytics
  - Firebase/Crash (3.6.0):
    - Firebase/Analytics
    - FirebaseCrash (= 1.0.7)
  - Firebase/Database (3.6.0):
    - Firebase/Analytics
    - FirebaseDatabase (= 3.0.3)
  - Firebase/Messaging (3.6.0):
    - Firebase/Analytics
    - FirebaseMessaging (= 1.2.0)
  - Firebase/Storage (3.6.0):
    - Firebase/Analytics
    - FirebaseStorage (= 1.0.3)
  - FirebaseAnalytics (3.4.2):
    - FirebaseInstanceID (~> 1.0)
    - GoogleInterchangeUtilities (~> 1.2)
    - GoogleSymbolUtilities (~> 1.1)
    - GoogleUtilities (~> 1.2)
  - FirebaseAuth (3.0.5):
    - FirebaseAnalytics (~> 3.3)
    - GoogleNetworkingUtilities (~> 1.2)
    - GoogleUtilities (~> 1.2)
  - FirebaseCrash (1.0.7):
    - FirebaseAnalytics (~> 3.2)
    - FirebaseInstanceID (~> 1.0)
    - GoogleInterchangeUtilities (~> 1.2)
    - GoogleSymbolUtilities (~> 1.1)
    - GoogleUtilities (~> 1.2)
  - FirebaseDatabase (3.0.3):
    - FirebaseAnalytics (~> 3.3)
  - FirebaseInstanceID (1.0.8)
  - FirebaseMessaging (1.2.0):
    - FirebaseAnalytics (~> 3.3)
    - FirebaseInstanceID (~> 1.0)
    - GoogleInterchangeUtilities (~> 1.2)
    - GoogleIPhoneUtilities (~> 1.2)
    - GoogleSymbolUtilities (~> 1.1)
  - FirebaseStorage (1.0.3):
    - FirebaseAnalytics (~> 3.3)
    - GoogleNetworkingUtilities (~> 1.2)
  - GoogleInterchangeUtilities (1.2.1):
    - GoogleSymbolUtilities (~> 1.0)
  - GoogleIPhoneUtilities (1.2.1):
    - GoogleSymbolUtilities (~> 1.0)
    - GoogleUtilities (~> 1.0)
  - GoogleNetworkingUtilities (1.2.1):
    - GoogleSymbolUtilities (~> 1.0)
  - GoogleSymbolUtilities (1.1.1)
  - GoogleUtilities (1.3.1):
    - GoogleSymbolUtilities (~> 1.0)
  - Kingfisher (4.10.1)
  - Masonry (0.6.4)
  - R.swift (3.0.0):
    - R.swift.Library (~> 3.0.0)
  - R.swift.Library (3.0.1)
  - SlackTextViewController (1.9.4)
  - SwiftyJSON (3.0.0)
  - TTTAttributedLabel (2.0.0)
  - UrbanAirship-iOS-SDK (8.0.1)

DEPENDENCIES:
  - ActiveLabel
  - Alamofire
  - CCBottomRefreshControl
  - FBSDKCoreKit
  - FBSDKLoginKit
  - FBSDKShareKit
  - Firebase/Auth
  - Firebase/Core
  - Firebase/Crash
  - Firebase/Database
  - Firebase/Messaging
  - Firebase/Storage
  - Kingfisher
  - R.swift
  - SlackTextViewController
  - SwiftyJSON
  - TTTAttributedLabel
  - UrbanAirship-iOS-SDK

SPEC REPOS:
  https://cdn.cocoapods.org/:
    - ActiveLabel
    - Alamofire
    - CCBottomRefreshControl
    - FBAEMKit
    - FBSDKCoreKit
    - FBSDKCoreKit_Basics
    - FBSDKLoginKit
    - FBSDKShareKit
    - Firebase
    - FirebaseAnalytics
    - FirebaseAuth
    - FirebaseCrash
    - FirebaseDatabase
    - FirebaseInstanceID
    - FirebaseMessaging
    - FirebaseStorage
    - GoogleInterchangeUtilities
    - GoogleIPhoneUtilities
    - GoogleNetworkingUtilities
    - GoogleSymbolUtilities
    - GoogleUtilities
    - Kingfisher
    - Masonry
    - R.swift
    - R.swift.Library
    - SlackTextViewController
    - SwiftyJSON
    - TTTAttributedLabel
    - UrbanAirship-iOS-SDK

SPEC CHECKSUMS:
  ActiveLabel: b8b2396fe25308d563601437d6605bf691c3b5db
  Alamofire: fef59f00388f267e52d9b432aa5d93dc97190f14
  CCBottomRefreshControl: 57a596348855260f627ffc2b311328ed15b94877
  FBAEMKit: c6b8ddf8371640fcd1a3b844d0f8884c8f334cea
  FBSDKCoreKit: 506c0fd1c09a3075f62be8fa36bdd921c563daa9
  FBSDKCoreKit_Basics: c0701d1634c944d60dd3c6361d66dbd0e707a456
  FBSDKLoginKit: d7c9f6ddff20d7b04c94d1f1f065dc7a441d44a0
  FBSDKShareKit: 4598ab1ded1a83635746f8cd681948f97ad29560
  Firebase: 34187200ef4979dbd485c7aa685ef078bf587c86
  FirebaseAnalytics: 3f5358d9104adf159cc8d99b7b501e50099a39ad
  FirebaseAuth: 75a062bbf2d3c97d1e6e55bbc110e13a6853e25d
  FirebaseCrash: 6da801151873302587122163393c99e57d1fd2fc
  FirebaseDatabase: 750a4a0fe18ef114318876fd654b2d9c671e0992
  FirebaseInstanceID: ba1e640935235e5fac39dfa816fe7660e72e1a8a
  FirebaseMessaging: 789d23fd796594dfb55dcf36cd325541df887c22
  FirebaseStorage: 3992817bf405f5c1a4f8349678d22724cd0ef509
  GoogleInterchangeUtilities: def8415a862effc67d549d5b5b0b9c7a2f97d4de
  GoogleIPhoneUtilities: 63f25e93a3ddcb66884d182aab3a660d98f1479b
  GoogleNetworkingUtilities: 3e83269048cfb498dc7ec83ab36813360965c74f
  GoogleSymbolUtilities: 33117db1b5f290c6fbf259585e4885b4c84b98d7
  GoogleUtilities: 56c5ac05b7aa5dc417a1bb85221a9516e04d7032
  Kingfisher: c148cd7b47ebde9989f6bc7c27dcaa79d81279a0
  Masonry: 281802d04d787ea2973179ee8bcb50500579ede2
  R.swift: 5a8b4a4ea565b0f20c39d8ce1445f3d3a9064768
  R.swift.Library: 0869d8d546517aa79db078fd8262724391a38db8
  SlackTextViewController: d490f354dba963bc469a6b9ce3213978eaed67a5
  SwiftyJSON: f57b2b44bc166617372d1c70773591fe9f0f5fd4
  TTTAttributedLabel: 8cffe8e127e4e82ff3af1e5386d4cd0ad000b656
  UrbanAirship-iOS-SDK: a4ff01ef90d5b32508818da5b8385828513702f9

PODFILE CHECKSUM: 24b8308d771bb3d6781808f5816b9b539d7d0f73

COCOAPODS: 1.9.3
