PODS:
  - PureLayout (3.1.9)
  - R.swift (6.1.0):
    - R.swift.Library (~> 5.3.0)
  - R.swift.Library (5.3.0)
  - Realm (10.25.2):
    - Realm/Headers (= 10.25.2)
  - Realm/Headers (10.25.2)
  - RealmSwift (10.25.2):
    - Realm (= 10.25.2)

DEPENDENCIES:
  - PureLayout (~> 3)
  - R.swift (~> 6)
  - RealmSwift (~> 10)

SPEC REPOS:
  https://cdn.cocoapods.org/:
    - PureLayout
    - R.swift
    - R.swift.Library
    - Realm
    - RealmSwift

SPEC CHECKSUMS:
  PureLayout: 5fb5e5429519627d60d079ccb1eaa7265ce7cf88
  R.swift: ec98ff71c4ab2f6fd01dd077e5afd15e63a4834c
  R.swift.Library: 0fc583cb55a99e28901299cc451614cad1161962
  Realm: 978303663d0509166498f423d112e5ee97d4c91b
  RealmSwift: a0c30c1efc49e928a0a6f8fb141bb2629616d79b

PODFILE CHECKSUM: 59417f3cd2db39a3223d081a755e0189c7592e13

COCOAPODS: 1.11.3
