// !$*UTF8*$!
{
	archiveVersion = 1;
	classes = {
	};
	objectVersion = 46;
	objects = {

/* Begin PBXBuildFile section */
		8730D80E1D0735ED00E1D939 /* DeleteActivity.swift in Sources */ = {isa = PBXBuildFile; fileRef = 8730D80D1D0735ED00E1D939 /* DeleteActivity.swift */; };
		8748A6B71CF4C844003CEEE0 /* WriteCommentCellDelagate.swift in Sources */ = {isa = PBXBuildFile; fileRef = 8748A6B61CF4C844003CEEE0 /* WriteCommentCellDelagate.swift */; };
		874C111B1CFA8D0E00F5114C /* UserCellDelagate.swift in Sources */ = {isa = PBXBuildFile; fileRef = 874C111A1CFA8D0E00F5114C /* UserCellDelagate.swift */; };
		875B4E091D15ACFD004F4CD2 /* AuthAPI.swift in Sources */ = {isa = PBXBuildFile; fileRef = 875B4E081D15ACFD004F4CD2 /* AuthAPI.swift */; };
		875B4E0B1D15E443004F4CD2 /* ContactsAPI.swift in Sources */ = {isa = PBXBuildFile; fileRef = 875B4E0A1D15E443004F4CD2 /* ContactsAPI.swift */; };
		875B4E0D1D15E5F8004F4CD2 /* Contact.swift in Sources */ = {isa = PBXBuildFile; fileRef = 875B4E0C1D15E5F8004F4CD2 /* Contact.swift */; };
		87619AE61D076457000BBCC5 /* EditActivity.swift in Sources */ = {isa = PBXBuildFile; fileRef = 87619AE51D076457000BBCC5 /* EditActivity.swift */; };
		87619AE81D0786FF000BBCC5 /* InviteViewController.swift in Sources */ = {isa = PBXBuildFile; fileRef = 87619AE71D0786FF000BBCC5 /* InviteViewController.swift */; };
		8763D2B91CEE21BC00E3D528 /* Main.storyboard in Resources */ = {isa = PBXBuildFile; fileRef = 8763D2B81CEE21BC00E3D528 /* Main.storyboard */; };
		8763D2BB1CEE220200E3D528 /* AppDelegate.swift in Sources */ = {isa = PBXBuildFile; fileRef = 8763D2BA1CEE220200E3D528 /* AppDelegate.swift */; };
		8763D2BD1CEE221D00E3D528 /* Launch Screen.storyboard in Resources */ = {isa = PBXBuildFile; fileRef = 8763D2BC1CEE221D00E3D528 /* Launch Screen.storyboard */; };
		8763D2D01CEE226700E3D528 /* WallViewController.swift in Sources */ = {isa = PBXBuildFile; fileRef = 8763D2C01CEE226700E3D528 /* WallViewController.swift */; };
		8763D2D61CEE226700E3D528 /* DrawingViewController.swift in Sources */ = {isa = PBXBuildFile; fileRef = 8763D2C61CEE226700E3D528 /* DrawingViewController.swift */; };
		8763D2DA1CEE226700E3D528 /* WelcomeViewController.swift in Sources */ = {isa = PBXBuildFile; fileRef = 8763D2CA1CEE226700E3D528 /* WelcomeViewController.swift */; };
		8763D2DD1CEE226700E3D528 /* NavigationController.swift in Sources */ = {isa = PBXBuildFile; fileRef = 8763D2CD1CEE226700E3D528 /* NavigationController.swift */; };
		8763D2DE1CEE226700E3D528 /* TabBarController.swift in Sources */ = {isa = PBXBuildFile; fileRef = 8763D2CE1CEE226700E3D528 /* TabBarController.swift */; };
		8763D2DF1CEE226700E3D528 /* LoadingViewController.swift in Sources */ = {isa = PBXBuildFile; fileRef = 8763D2CF1CEE226700E3D528 /* LoadingViewController.swift */; };
		8763D2FA1CEE229C00E3D528 /* CanvasView.swift in Sources */ = {isa = PBXBuildFile; fileRef = 8763D2E01CEE229C00E3D528 /* CanvasView.swift */; };
		8763D2FB1CEE229C00E3D528 /* ColorKeyboardView.swift in Sources */ = {isa = PBXBuildFile; fileRef = 8763D2E11CEE229C00E3D528 /* ColorKeyboardView.swift */; };
		8763D2FD1CEE229C00E3D528 /* DescriptionInputDelagate.swift in Sources */ = {isa = PBXBuildFile; fileRef = 8763D2E31CEE229C00E3D528 /* DescriptionInputDelagate.swift */; };
		8763D2FE1CEE229C00E3D528 /* CanvasDelagate.swift in Sources */ = {isa = PBXBuildFile; fileRef = 8763D2E41CEE229C00E3D528 /* CanvasDelagate.swift */; };
		8763D2FF1CEE229C00E3D528 /* ColorKeyboardDelagate.swift in Sources */ = {isa = PBXBuildFile; fileRef = 8763D2E51CEE229C00E3D528 /* ColorKeyboardDelagate.swift */; };
		8763D3001CEE229C00E3D528 /* UserCell.swift in Sources */ = {isa = PBXBuildFile; fileRef = 8763D2E61CEE229C00E3D528 /* UserCell.swift */; };
		8763D3011CEE229C00E3D528 /* DrawingCell.swift in Sources */ = {isa = PBXBuildFile; fileRef = 8763D2E71CEE229C00E3D528 /* DrawingCell.swift */; };
		8763D3081CEE229C00E3D528 /* User.swift in Sources */ = {isa = PBXBuildFile; fileRef = 8763D2EE1CEE229C00E3D528 /* User.swift */; };
		8763D3091CEE229C00E3D528 /* API.swift in Sources */ = {isa = PBXBuildFile; fileRef = 8763D2EF1CEE229C00E3D528 /* API.swift */; };
		8763D30A1CEE229C00E3D528 /* UIStoryboardSegueFromRight.swift in Sources */ = {isa = PBXBuildFile; fileRef = 8763D2F01CEE229C00E3D528 /* UIStoryboardSegueFromRight.swift */; };
		8763D30B1CEE229C00E3D528 /* OpenSans-Regular.ttf in Resources */ = {isa = PBXBuildFile; fileRef = 8763D2F11CEE229C00E3D528 /* OpenSans-Regular.ttf */; };
		8763D3111CEE229C00E3D528 /* ColorConstants.swift in Sources */ = {isa = PBXBuildFile; fileRef = 8763D2F71CEE229C00E3D528 /* ColorConstants.swift */; };
		8763D3121CEE229C00E3D528 /* UIColorExtensions.swift in Sources */ = {isa = PBXBuildFile; fileRef = 8763D2F81CEE229C00E3D528 /* UIColorExtensions.swift */; };
		8763D3131CEE229C00E3D528 /* UIImageExtensions.swift in Sources */ = {isa = PBXBuildFile; fileRef = 8763D2F91CEE229C00E3D528 /* UIImageExtensions.swift */; };
		8763D3151CEE22D300E3D528 /* Assets.xcassets in Resources */ = {isa = PBXBuildFile; fileRef = 8763D3141CEE22D300E3D528 /* Assets.xcassets */; };
		876614BA1D034F1200DF4590 /* SearchViewController.swift in Sources */ = {isa = PBXBuildFile; fileRef = 876614B91D034F1200DF4590 /* SearchViewController.swift */; };
		8774BA471CFF823C00B26931 /* ProfileCell.swift in Sources */ = {isa = PBXBuildFile; fileRef = 8774BA461CFF823B00B26931 /* ProfileCell.swift */; };
		8774BA491CFFA08C00B26931 /* ProfileViewController.swift in Sources */ = {isa = PBXBuildFile; fileRef = 8774BA481CFFA08C00B26931 /* ProfileViewController.swift */; };
		879BCC961CF3F04F00CD95E7 /* UserListViewController.swift in Sources */ = {isa = PBXBuildFile; fileRef = 879BCC951CF3F04F00CD95E7 /* UserListViewController.swift */; };
		879BCC981CF4137F00CD95E7 /* Comment.swift in Sources */ = {isa = PBXBuildFile; fileRef = 879BCC971CF4137F00CD95E7 /* Comment.swift */; };
		879BCC9A1CF41A7900CD95E7 /* CommentViewController.swift in Sources */ = {isa = PBXBuildFile; fileRef = 879BCC991CF41A7900CD95E7 /* CommentViewController.swift */; };
		879BCC9C1CF41DE600CD95E7 /* CommentCell.swift in Sources */ = {isa = PBXBuildFile; fileRef = 879BCC9B1CF41DE600CD95E7 /* CommentCell.swift */; };
		879BCC9E1CF4C4A000CD95E7 /* WriteCommentCell.swift in Sources */ = {isa = PBXBuildFile; fileRef = 879BCC9D1CF4C4A000CD95E7 /* WriteCommentCell.swift */; };
		87AA5CFB1D088CAC00D2E7B5 /* playtime.ttf in Resources */ = {isa = PBXBuildFile; fileRef = 87AA5CFA1D088CAC00D2E7B5 /* playtime.ttf */; };
		87AFB2491D19FE490016FC59 /* ShareViewController.swift in Sources */ = {isa = PBXBuildFile; fileRef = 87AFB2481D19FE490016FC59 /* ShareViewController.swift */; };
		87AFB24B1D1C43DC0016FC59 /* FriendsViewController.swift in Sources */ = {isa = PBXBuildFile; fileRef = 87AFB24A1D1C43DC0016FC59 /* FriendsViewController.swift */; };
		87AFB24E1D1C58CC0016FC59 /* DrawingListViewController.swift in Sources */ = {isa = PBXBuildFile; fileRef = 87AFB24D1D1C58CC0016FC59 /* DrawingListViewController.swift */; };
		87BB3C541D04B88D00662BA1 /* UIImage_UIImageColorPicker.m in Sources */ = {isa = PBXBuildFile; fileRef = 87BB3C531D04B5D500662BA1 /* UIImage_UIImageColorPicker.m */; };
		87C204E51D0B8F6F0061DDB2 /* ProfilePicActivity.swift in Sources */ = {isa = PBXBuildFile; fileRef = 87C204E41D0B8F6F0061DDB2 /* ProfilePicActivity.swift */; };
		87CC7D431D00A92D0056DF73 /* CommentCellDelagate.swift in Sources */ = {isa = PBXBuildFile; fileRef = 87CC7D421D00A92D0056DF73 /* CommentCellDelagate.swift */; };
		87D91EBB1D0CC650004CD25D /* FacebookLoginResult.swift in Sources */ = {isa = PBXBuildFile; fileRef = 87D91EBA1D0CC650004CD25D /* FacebookLoginResult.swift */; };
		87DEFB231D0CEDBD00924FDC /* SignInViewController.swift in Sources */ = {isa = PBXBuildFile; fileRef = 87DEFB221D0CEDBD00924FDC /* SignInViewController.swift */; };
		87DF2BCD1D0C88BC006ED9AF /* SignUpViewController.swift in Sources */ = {isa = PBXBuildFile; fileRef = 87DF2BCC1D0C88BC006ED9AF /* SignUpViewController.swift */; };
		87DF2BCF1D0C90EF006ED9AF /* ChooseUsernameViewController.swift in Sources */ = {isa = PBXBuildFile; fileRef = 87DF2BCE1D0C90EF006ED9AF /* ChooseUsernameViewController.swift */; };
		87DF2BD11D0CA035006ED9AF /* BeFoundViewController.swift in Sources */ = {isa = PBXBuildFile; fileRef = 87DF2BD01D0CA035006ED9AF /* BeFoundViewController.swift */; };
		87DF2BD31D0CA731006ED9AF /* NewUser.swift in Sources */ = {isa = PBXBuildFile; fileRef = 87DF2BD21D0CA731006ED9AF /* NewUser.swift */; };
		87DF2BD51D0CAD3E006ED9AF /* GoogleService-Info.plist in Resources */ = {isa = PBXBuildFile; fileRef = 87DF2BD41D0CAD3E006ED9AF /* GoogleService-Info.plist */; };
		87E1F67D1CF63AF5003FFF3F /* DrawingDelagate.swift in Sources */ = {isa = PBXBuildFile; fileRef = 87E1F67C1CF63AF5003FFF3F /* DrawingDelagate.swift */; };
		87E1F67F1CF69ED1003FFF3F /* APIDelagate.swift in Sources */ = {isa = PBXBuildFile; fileRef = 87E1F67E1CF69ED1003FFF3F /* APIDelagate.swift */; };
		87E7ADE81CF38BEB00DC226A /* Drawing.swift in Sources */ = {isa = PBXBuildFile; fileRef = 87E7ADE71CF38BEB00DC226A /* Drawing.swift */; };
		87F754F01D187184005B4A14 /* InviteCell.swift in Sources */ = {isa = PBXBuildFile; fileRef = 87F754EF1D187184005B4A14 /* InviteCell.swift */; };
		FF070D1B5AAF3FF715C315AA /* Pods_Colorue.framework in Frameworks */ = {isa = PBXBuildFile; fileRef = 16C591373F34C788F4677031 /* Pods_Colorue.framework */; };
/* End PBXBuildFile section */

/* Begin PBXFileReference section */
		16C591373F34C788F4677031 /* Pods_Colorue.framework */ = {isa = PBXFileReference; explicitFileType = wrapper.framework; includeInIndex = 0; path = Pods_Colorue.framework; sourceTree = BUILT_PRODUCTS_DIR; };
		872E82E11D01296F005A56A3 /* Colorue.app */ = {isa = PBXFileReference; explicitFileType = wrapper.application; includeInIndex = 0; path = Colorue.app; sourceTree = BUILT_PRODUCTS_DIR; };
		8730D80D1D0735ED00E1D939 /* DeleteActivity.swift */ = {isa = PBXFileReference; fileEncoding = 4; lastKnownFileType = sourcecode.swift; path = DeleteActivity.swift; sourceTree = "<group>"; };
		873AFA1C1CED7697006FD34A /* Info.plist */ = {isa = PBXFileReference; lastKnownFileType = text.plist.xml; path = Info.plist; sourceTree = "<group>"; };
		8748A6B61CF4C844003CEEE0 /* WriteCommentCellDelagate.swift */ = {isa = PBXFileReference; fileEncoding = 4; lastKnownFileType = sourcecode.swift; path = WriteCommentCellDelagate.swift; sourceTree = "<group>"; };
		874C111A1CFA8D0E00F5114C /* UserCellDelagate.swift */ = {isa = PBXFileReference; fileEncoding = 4; lastKnownFileType = sourcecode.swift; path = UserCellDelagate.swift; sourceTree = "<group>"; };
		875B4E081D15ACFD004F4CD2 /* AuthAPI.swift */ = {isa = PBXFileReference; fileEncoding = 4; lastKnownFileType = sourcecode.swift; path = AuthAPI.swift; sourceTree = "<group>"; };
		875B4E0A1D15E443004F4CD2 /* ContactsAPI.swift */ = {isa = PBXFileReference; fileEncoding = 4; lastKnownFileType = sourcecode.swift; path = ContactsAPI.swift; sourceTree = "<group>"; };
		875B4E0C1D15E5F8004F4CD2 /* Contact.swift */ = {isa = PBXFileReference; fileEncoding = 4; lastKnownFileType = sourcecode.swift; path = Contact.swift; sourceTree = "<group>"; };
		87619AE51D076457000BBCC5 /* EditActivity.swift */ = {isa = PBXFileReference; fileEncoding = 4; lastKnownFileType = sourcecode.swift; path = EditActivity.swift; sourceTree = "<group>"; };
		87619AE71D0786FF000BBCC5 /* InviteViewController.swift */ = {isa = PBXFileReference; fileEncoding = 4; lastKnownFileType = sourcecode.swift; path = InviteViewController.swift; sourceTree = "<group>"; };
		8763D2B81CEE21BC00E3D528 /* Main.storyboard */ = {isa = PBXFileReference; fileEncoding = 4; lastKnownFileType = file.storyboard; path = Main.storyboard; sourceTree = "<group>"; };
		8763D2BA1CEE220200E3D528 /* AppDelegate.swift */ = {isa = PBXFileReference; fileEncoding = 4; lastKnownFileType = sourcecode.swift; path = AppDelegate.swift; sourceTree = "<group>"; };
		8763D2BC1CEE221D00E3D528 /* Launch Screen.storyboard */ = {isa = PBXFileReference; fileEncoding = 4; lastKnownFileType = file.storyboard; path = "Launch Screen.storyboard"; sourceTree = "<group>"; };
		8763D2C01CEE226700E3D528 /* WallViewController.swift */ = {isa = PBXFileReference; fileEncoding = 4; lastKnownFileType = sourcecode.swift; path = WallViewController.swift; sourceTree = "<group>"; };
		8763D2C61CEE226700E3D528 /* DrawingViewController.swift */ = {isa = PBXFileReference; fileEncoding = 4; lastKnownFileType = sourcecode.swift; path = DrawingViewController.swift; sourceTree = "<group>"; };
		8763D2CA1CEE226700E3D528 /* WelcomeViewController.swift */ = {isa = PBXFileReference; fileEncoding = 4; lastKnownFileType = sourcecode.swift; path = WelcomeViewController.swift; sourceTree = "<group>"; };
		8763D2CD1CEE226700E3D528 /* NavigationController.swift */ = {isa = PBXFileReference; fileEncoding = 4; lastKnownFileType = sourcecode.swift; path = NavigationController.swift; sourceTree = "<group>"; };
		8763D2CE1CEE226700E3D528 /* TabBarController.swift */ = {isa = PBXFileReference; fileEncoding = 4; lastKnownFileType = sourcecode.swift; path = TabBarController.swift; sourceTree = "<group>"; };
		8763D2CF1CEE226700E3D528 /* LoadingViewController.swift */ = {isa = PBXFileReference; fileEncoding = 4; lastKnownFileType = sourcecode.swift; path = LoadingViewController.swift; sourceTree = "<group>"; };
		8763D2E01CEE229C00E3D528 /* CanvasView.swift */ = {isa = PBXFileReference; fileEncoding = 4; lastKnownFileType = sourcecode.swift; path = CanvasView.swift; sourceTree = "<group>"; };
		8763D2E11CEE229C00E3D528 /* ColorKeyboardView.swift */ = {isa = PBXFileReference; fileEncoding = 4; lastKnownFileType = sourcecode.swift; path = ColorKeyboardView.swift; sourceTree = "<group>"; };
		8763D2E31CEE229C00E3D528 /* DescriptionInputDelagate.swift */ = {isa = PBXFileReference; fileEncoding = 4; lastKnownFileType = sourcecode.swift; path = DescriptionInputDelagate.swift; sourceTree = "<group>"; };
		8763D2E41CEE229C00E3D528 /* CanvasDelagate.swift */ = {isa = PBXFileReference; fileEncoding = 4; lastKnownFileType = sourcecode.swift; path = CanvasDelagate.swift; sourceTree = "<group>"; };
		8763D2E51CEE229C00E3D528 /* ColorKeyboardDelagate.swift */ = {isa = PBXFileReference; fileEncoding = 4; lastKnownFileType = sourcecode.swift; path = ColorKeyboardDelagate.swift; sourceTree = "<group>"; };
		8763D2E61CEE229C00E3D528 /* UserCell.swift */ = {isa = PBXFileReference; fileEncoding = 4; lastKnownFileType = sourcecode.swift; path = UserCell.swift; sourceTree = "<group>"; };
		8763D2E71CEE229C00E3D528 /* DrawingCell.swift */ = {isa = PBXFileReference; fileEncoding = 4; lastKnownFileType = sourcecode.swift; path = DrawingCell.swift; sourceTree = "<group>"; };
		8763D2EE1CEE229C00E3D528 /* User.swift */ = {isa = PBXFileReference; fileEncoding = 4; lastKnownFileType = sourcecode.swift; path = User.swift; sourceTree = "<group>"; };
		8763D2EF1CEE229C00E3D528 /* API.swift */ = {isa = PBXFileReference; fileEncoding = 4; lastKnownFileType = sourcecode.swift; path = API.swift; sourceTree = "<group>"; };
		8763D2F01CEE229C00E3D528 /* UIStoryboardSegueFromRight.swift */ = {isa = PBXFileReference; fileEncoding = 4; lastKnownFileType = sourcecode.swift; path = UIStoryboardSegueFromRight.swift; sourceTree = "<group>"; };
		8763D2F11CEE229C00E3D528 /* OpenSans-Regular.ttf */ = {isa = PBXFileReference; lastKnownFileType = file; path = "OpenSans-Regular.ttf"; sourceTree = "<group>"; };
		8763D2F71CEE229C00E3D528 /* ColorConstants.swift */ = {isa = PBXFileReference; fileEncoding = 4; lastKnownFileType = sourcecode.swift; path = ColorConstants.swift; sourceTree = "<group>"; };
		8763D2F81CEE229C00E3D528 /* UIColorExtensions.swift */ = {isa = PBXFileReference; fileEncoding = 4; lastKnownFileType = sourcecode.swift; path = UIColorExtensions.swift; sourceTree = "<group>"; };
		8763D2F91CEE229C00E3D528 /* UIImageExtensions.swift */ = {isa = PBXFileReference; fileEncoding = 4; lastKnownFileType = sourcecode.swift; path = UIImageExtensions.swift; sourceTree = "<group>"; };
		8763D3141CEE22D300E3D528 /* Assets.xcassets */ = {isa = PBXFileReference; lastKnownFileType = folder.assetcatalog; path = Assets.xcassets; sourceTree = "<group>"; };
		876614B91D034F1200DF4590 /* SearchViewController.swift */ = {isa = PBXFileReference; fileEncoding = 4; lastKnownFileType = sourcecode.swift; name = SearchViewController.swift; path = ../SearchViewController.swift; sourceTree = "<group>"; };
		8774BA461CFF823B00B26931 /* ProfileCell.swift */ = {isa = PBXFileReference; fileEncoding = 4; lastKnownFileType = sourcecode.swift; path = ProfileCell.swift; sourceTree = "<group>"; };
		8774BA481CFFA08C00B26931 /* ProfileViewController.swift */ = {isa = PBXFileReference; fileEncoding = 4; lastKnownFileType = sourcecode.swift; path = ProfileViewController.swift; sourceTree = "<group>"; };
		879BCC951CF3F04F00CD95E7 /* UserListViewController.swift */ = {isa = PBXFileReference; fileEncoding = 4; lastKnownFileType = sourcecode.swift; path = UserListViewController.swift; sourceTree = "<group>"; };
		879BCC971CF4137F00CD95E7 /* Comment.swift */ = {isa = PBXFileReference; fileEncoding = 4; lastKnownFileType = sourcecode.swift; path = Comment.swift; sourceTree = "<group>"; };
		879BCC991CF41A7900CD95E7 /* CommentViewController.swift */ = {isa = PBXFileReference; fileEncoding = 4; lastKnownFileType = sourcecode.swift; path = CommentViewController.swift; sourceTree = "<group>"; };
		879BCC9B1CF41DE600CD95E7 /* CommentCell.swift */ = {isa = PBXFileReference; fileEncoding = 4; lastKnownFileType = sourcecode.swift; path = CommentCell.swift; sourceTree = "<group>"; };
		879BCC9D1CF4C4A000CD95E7 /* WriteCommentCell.swift */ = {isa = PBXFileReference; fileEncoding = 4; lastKnownFileType = sourcecode.swift; path = WriteCommentCell.swift; sourceTree = "<group>"; };
		87AA5CFA1D088CAC00D2E7B5 /* playtime.ttf */ = {isa = PBXFileReference; lastKnownFileType = file; path = playtime.ttf; sourceTree = "<group>"; };
		87AFB2481D19FE490016FC59 /* ShareViewController.swift */ = {isa = PBXFileReference; fileEncoding = 4; lastKnownFileType = sourcecode.swift; path = ShareViewController.swift; sourceTree = "<group>"; };
		87AFB24A1D1C43DC0016FC59 /* FriendsViewController.swift */ = {isa = PBXFileReference; fileEncoding = 4; lastKnownFileType = sourcecode.swift; path = FriendsViewController.swift; sourceTree = "<group>"; };
		87AFB24D1D1C58CC0016FC59 /* DrawingListViewController.swift */ = {isa = PBXFileReference; fileEncoding = 4; lastKnownFileType = sourcecode.swift; path = DrawingListViewController.swift; sourceTree = "<group>"; };
		87BB3C521D04B5D500662BA1 /* Canvix-Bridging-Header.h */ = {isa = PBXFileReference; lastKnownFileType = sourcecode.c.h; path = "Canvix-Bridging-Header.h"; sourceTree = "<group>"; };
		87BB3C531D04B5D500662BA1 /* UIImage_UIImageColorPicker.m */ = {isa = PBXFileReference; fileEncoding = 4; lastKnownFileType = sourcecode.c.objc; path = UIImage_UIImageColorPicker.m; sourceTree = "<group>"; };
		87C204E41D0B8F6F0061DDB2 /* ProfilePicActivity.swift */ = {isa = PBXFileReference; fileEncoding = 4; lastKnownFileType = sourcecode.swift; path = ProfilePicActivity.swift; sourceTree = "<group>"; };
		87CC7D421D00A92D0056DF73 /* CommentCellDelagate.swift */ = {isa = PBXFileReference; fileEncoding = 4; lastKnownFileType = sourcecode.swift; path = CommentCellDelagate.swift; sourceTree = "<group>"; };
		87D91EBA1D0CC650004CD25D /* FacebookLoginResult.swift */ = {isa = PBXFileReference; fileEncoding = 4; lastKnownFileType = sourcecode.swift; path = FacebookLoginResult.swift; sourceTree = "<group>"; };
		87DEFB221D0CEDBD00924FDC /* SignInViewController.swift */ = {isa = PBXFileReference; fileEncoding = 4; lastKnownFileType = sourcecode.swift; path = SignInViewController.swift; sourceTree = "<group>"; };
		87DF2BCC1D0C88BC006ED9AF /* SignUpViewController.swift */ = {isa = PBXFileReference; fileEncoding = 4; lastKnownFileType = sourcecode.swift; path = SignUpViewController.swift; sourceTree = "<group>"; };
		87DF2BCE1D0C90EF006ED9AF /* ChooseUsernameViewController.swift */ = {isa = PBXFileReference; fileEncoding = 4; lastKnownFileType = sourcecode.swift; path = ChooseUsernameViewController.swift; sourceTree = "<group>"; };
		87DF2BD01D0CA035006ED9AF /* BeFoundViewController.swift */ = {isa = PBXFileReference; fileEncoding = 4; lastKnownFileType = sourcecode.swift; path = BeFoundViewController.swift; sourceTree = "<group>"; };
		87DF2BD21D0CA731006ED9AF /* NewUser.swift */ = {isa = PBXFileReference; fileEncoding = 4; lastKnownFileType = sourcecode.swift; path = NewUser.swift; sourceTree = "<group>"; };
		87DF2BD41D0CAD3E006ED9AF /* GoogleService-Info.plist */ = {isa = PBXFileReference; fileEncoding = 4; lastKnownFileType = text.plist.xml; path = "GoogleService-Info.plist"; sourceTree = "<group>"; };
		87E1F67C1CF63AF5003FFF3F /* DrawingDelagate.swift */ = {isa = PBXFileReference; fileEncoding = 4; lastKnownFileType = sourcecode.swift; path = DrawingDelagate.swift; sourceTree = "<group>"; };
		87E1F67E1CF69ED1003FFF3F /* APIDelagate.swift */ = {isa = PBXFileReference; fileEncoding = 4; lastKnownFileType = sourcecode.swift; path = APIDelagate.swift; sourceTree = "<group>"; };
		87E7ADE71CF38BEB00DC226A /* Drawing.swift */ = {isa = PBXFileReference; fileEncoding = 4; lastKnownFileType = sourcecode.swift; path = Drawing.swift; sourceTree = "<group>"; };
		87F754EF1D187184005B4A14 /* InviteCell.swift */ = {isa = PBXFileReference; fileEncoding = 4; lastKnownFileType = sourcecode.swift; path = InviteCell.swift; sourceTree = "<group>"; };
		C1E9D337EE0314B9F108640A /* Pods-Colorue.debug.xcconfig */ = {isa = PBXFileReference; includeInIndex = 1; lastKnownFileType = text.xcconfig; name = "Pods-Colorue.debug.xcconfig"; path = "Pods/Target Support Files/Pods-Colorue/Pods-Colorue.debug.xcconfig"; sourceTree = "<group>"; };
		E8106296AB6A9F9FA282519A /* Pods-Colorue.release.xcconfig */ = {isa = PBXFileReference; includeInIndex = 1; lastKnownFileType = text.xcconfig; name = "Pods-Colorue.release.xcconfig"; path = "Pods/Target Support Files/Pods-Colorue/Pods-Colorue.release.xcconfig"; sourceTree = "<group>"; };
/* End PBXFileReference section */

/* Begin PBXFrameworksBuildPhase section */
		873AFA0A1CED7697006FD34A /* Frameworks */ = {
			isa = PBXFrameworksBuildPhase;
			buildActionMask = 2147483647;
			files = (
				FF070D1B5AAF3FF715C315AA /* Pods_Colorue.framework in Frameworks */,
			);
			runOnlyForDeploymentPostprocessing = 0;
		};
/* End PBXFrameworksBuildPhase section */

/* Begin PBXGroup section */
		6AA7B21F98929F59F5124881 /* Pods */ = {
			isa = PBXGroup;
			children = (
				C1E9D337EE0314B9F108640A /* Pods-Colorue.debug.xcconfig */,
				E8106296AB6A9F9FA282519A /* Pods-Colorue.release.xcconfig */,
			);
			name = Pods;
			sourceTree = "<group>";
		};
		8730D80C1D0735D000E1D939 /* UIActivities */ = {
			isa = PBXGroup;
			children = (
				8730D80D1D0735ED00E1D939 /* DeleteActivity.swift */,
				87619AE51D076457000BBCC5 /* EditActivity.swift */,
				87C204E41D0B8F6F0061DDB2 /* ProfilePicActivity.swift */,
			);
			name = UIActivities;
			sourceTree = "<group>";
		};
		873AFA041CED7697006FD34A = {
			isa = PBXGroup;
			children = (
				87F754EF1D187184005B4A14 /* InviteCell.swift */,
				87DF2BD41D0CAD3E006ED9AF /* GoogleService-Info.plist */,
				873AFA0F1CED7697006FD34A /* Colorue */,
				6AA7B21F98929F59F5124881 /* Pods */,
				DE439F15BD0892DF68EBA465 /* Frameworks */,
				872E82E11D01296F005A56A3 /* Colorue.app */,
			);
			sourceTree = "<group>";
		};
		873AFA0F1CED7697006FD34A /* Colorue */ = {
			isa = PBXGroup;
			children = (
				8763D2BA1CEE220200E3D528 /* AppDelegate.swift */,
				8763D2BC1CEE221D00E3D528 /* Launch Screen.storyboard */,
				8763D2B81CEE21BC00E3D528 /* Main.storyboard */,
				873AFA1C1CED7697006FD34A /* Info.plist */,
				8763D3141CEE22D300E3D528 /* Assets.xcassets */,
				8763D3171CEE242100E3D528 /* Controller */,
				8763D3181CEE243400E3D528 /* View */,
				8763D3191CEE243B00E3D528 /* Model */,
				8763D31A1CEE244500E3D528 /* API */,
				8763D31F1CEE247F00E3D528 /* Supporting Files */,
			);
			name = Colorue;
			path = MorphuApp;
			sourceTree = "<group>";
		};
		8763D3161CEE241000E3D528 /* Fonts */ = {
			isa = PBXGroup;
			children = (
				87AA5CFA1D088CAC00D2E7B5 /* playtime.ttf */,
				8763D2F11CEE229C00E3D528 /* OpenSans-Regular.ttf */,
			);
			name = Fonts;
			sourceTree = "<group>";
		};
		8763D3171CEE242100E3D528 /* Controller */ = {
			isa = PBXGroup;
			children = (
				87C32C551D00A10D003817D8 /* Main */,
				8763D3241CEE255A00E3D528 /* Onboarding */,
				8730D80C1D0735D000E1D939 /* UIActivities */,
				8763D3231CEE254100E3D528 /* Navigation */,
			);
			name = Controller;
			sourceTree = "<group>";
		};
		8763D3181CEE243400E3D528 /* View */ = {
			isa = PBXGroup;
			children = (
				8763D31E1CEE246C00E3D528 /* Elements */,
				8763D31D1CEE246400E3D528 /* Delagates */,
				8763D31C1CEE245F00E3D528 /* Cells */,
				8763D31B1CEE245000E3D528 /* Segues */,
			);
			name = View;
			sourceTree = "<group>";
		};
		8763D3191CEE243B00E3D528 /* Model */ = {
			isa = PBXGroup;
			children = (
				8763D2EE1CEE229C00E3D528 /* User.swift */,
				87E7ADE71CF38BEB00DC226A /* Drawing.swift */,
				879BCC971CF4137F00CD95E7 /* Comment.swift */,
				87DF2BD21D0CA731006ED9AF /* NewUser.swift */,
				875B4E0C1D15E5F8004F4CD2 /* Contact.swift */,
			);
			name = Model;
			sourceTree = "<group>";
		};
		8763D31A1CEE244500E3D528 /* API */ = {
			isa = PBXGroup;
			children = (
				875B4E0A1D15E443004F4CD2 /* ContactsAPI.swift */,
				8763D2EF1CEE229C00E3D528 /* API.swift */,
				875B4E081D15ACFD004F4CD2 /* AuthAPI.swift */,
				87D91EBA1D0CC650004CD25D /* FacebookLoginResult.swift */,
			);
			name = API;
			sourceTree = "<group>";
		};
		8763D31B1CEE245000E3D528 /* Segues */ = {
			isa = PBXGroup;
			children = (
				8763D2F01CEE229C00E3D528 /* UIStoryboardSegueFromRight.swift */,
			);
			name = Segues;
			sourceTree = "<group>";
		};
		8763D31C1CEE245F00E3D528 /* Cells */ = {
			isa = PBXGroup;
			children = (
				8774BA461CFF823B00B26931 /* ProfileCell.swift */,
				8763D2E61CEE229C00E3D528 /* UserCell.swift */,
				8763D2E71CEE229C00E3D528 /* DrawingCell.swift */,
				879BCC9B1CF41DE600CD95E7 /* CommentCell.swift */,
				879BCC9D1CF4C4A000CD95E7 /* WriteCommentCell.swift */,
			);
			name = Cells;
			sourceTree = "<group>";
		};
		8763D31D1CEE246400E3D528 /* Delagates */ = {
			isa = PBXGroup;
			children = (
				8763D2E31CEE229C00E3D528 /* DescriptionInputDelagate.swift */,
				8763D2E41CEE229C00E3D528 /* CanvasDelagate.swift */,
				8763D2E51CEE229C00E3D528 /* ColorKeyboardDelagate.swift */,
				8748A6B61CF4C844003CEEE0 /* WriteCommentCellDelagate.swift */,
				87E1F67C1CF63AF5003FFF3F /* DrawingDelagate.swift */,
				87E1F67E1CF69ED1003FFF3F /* APIDelagate.swift */,
				874C111A1CFA8D0E00F5114C /* UserCellDelagate.swift */,
				87CC7D421D00A92D0056DF73 /* CommentCellDelagate.swift */,
			);
			name = Delagates;
			sourceTree = "<group>";
		};
		8763D31E1CEE246C00E3D528 /* Elements */ = {
			isa = PBXGroup;
			children = (
				8763D2E01CEE229C00E3D528 /* CanvasView.swift */,
				8763D2E11CEE229C00E3D528 /* ColorKeyboardView.swift */,
			);
			name = Elements;
			sourceTree = "<group>";
		};
		8763D31F1CEE247F00E3D528 /* Supporting Files */ = {
			isa = PBXGroup;
			children = (
				8763D3161CEE241000E3D528 /* Fonts */,
				8763D2F71CEE229C00E3D528 /* ColorConstants.swift */,
				8763D2F81CEE229C00E3D528 /* UIColorExtensions.swift */,
				8763D2F91CEE229C00E3D528 /* UIImageExtensions.swift */,
				87BB3C531D04B5D500662BA1 /* UIImage_UIImageColorPicker.m */,
				87BB3C521D04B5D500662BA1 /* Canvix-Bridging-Header.h */,
			);
			name = "Supporting Files";
			sourceTree = "<group>";
		};
		8763D3231CEE254100E3D528 /* Navigation */ = {
			isa = PBXGroup;
			children = (
				8763D2CD1CEE226700E3D528 /* NavigationController.swift */,
				8763D2CE1CEE226700E3D528 /* TabBarController.swift */,
			);
			name = Navigation;
			sourceTree = "<group>";
		};
		8763D3241CEE255A00E3D528 /* Onboarding */ = {
			isa = PBXGroup;
			children = (
				8763D2CF1CEE226700E3D528 /* LoadingViewController.swift */,
				8763D2CA1CEE226700E3D528 /* WelcomeViewController.swift */,
				87DF2BCC1D0C88BC006ED9AF /* SignUpViewController.swift */,
				87DF2BCE1D0C90EF006ED9AF /* ChooseUsernameViewController.swift */,
				87DF2BD01D0CA035006ED9AF /* BeFoundViewController.swift */,
				87DEFB221D0CEDBD00924FDC /* SignInViewController.swift */,
			);
			name = Onboarding;
			sourceTree = "<group>";
		};
		87AFB24C1D1C58B40016FC59 /* Abstract */ = {
			isa = PBXGroup;
			children = (
				87AFB24D1D1C58CC0016FC59 /* DrawingListViewController.swift */,
			);
			name = Abstract;
			sourceTree = "<group>";
		};
		87C32C551D00A10D003817D8 /* Main */ = {
			isa = PBXGroup;
			children = (
				87AFB24C1D1C58B40016FC59 /* Abstract */,
				87F754ED1D1865E0005B4A14 /* Tabs */,
				87F754EE1D1865EF005B4A14 /* Other */,
			);
			name = Main;
			sourceTree = "<group>";
		};
		87F754ED1D1865E0005B4A14 /* Tabs */ = {
			isa = PBXGroup;
			children = (
				8763D2C01CEE226700E3D528 /* WallViewController.swift */,
				876614B91D034F1200DF4590 /* SearchViewController.swift */,
				8763D2C61CEE226700E3D528 /* DrawingViewController.swift */,
				8774BA481CFFA08C00B26931 /* ProfileViewController.swift */,
				87AFB24A1D1C43DC0016FC59 /* FriendsViewController.swift */,
			);
			name = Tabs;
			sourceTree = "<group>";
		};
		87F754EE1D1865EF005B4A14 /* Other */ = {
			isa = PBXGroup;
			children = (
				87619AE71D0786FF000BBCC5 /* InviteViewController.swift */,
				87AFB2481D19FE490016FC59 /* ShareViewController.swift */,
				879BCC951CF3F04F00CD95E7 /* UserListViewController.swift */,
				879BCC991CF41A7900CD95E7 /* CommentViewController.swift */,
			);
			name = Other;
			sourceTree = "<group>";
		};
		DE439F15BD0892DF68EBA465 /* Frameworks */ = {
			isa = PBXGroup;
			children = (
				16C591373F34C788F4677031 /* Pods_Colorue.framework */,
			);
			name = Frameworks;
			sourceTree = "<group>";
		};
/* End PBXGroup section */

/* Begin PBXNativeTarget section */
		873AFA0C1CED7697006FD34A /* Colorue */ = {
			isa = PBXNativeTarget;
			buildConfigurationList = 873AFA1F1CED7697006FD34A /* Build configuration list for PBXNativeTarget "Colorue" */;
			buildPhases = (
				8096E78B139EE4586AD7A003 /* 📦 Check Pods Manifest.lock */,
				873AFA091CED7697006FD34A /* Sources */,
				873AFA0A1CED7697006FD34A /* Frameworks */,
				873AFA0B1CED7697006FD34A /* Resources */,
				CB89312FB0493140F375FFF3 /* 📦 Embed Pods Frameworks */,
				DFC7560C6D79885D4B5988F3 /* 📦 Copy Pods Resources */,
			);
			buildRules = (
			);
			dependencies = (
			);
			name = Colorue;
			productName = MorphuApp;
			productReference = 872E82E11D01296F005A56A3 /* Colorue.app */;
			productType = "com.apple.product-type.application";
		};
/* End PBXNativeTarget section */

/* Begin PBXProject section */
		873AFA051CED7697006FD34A /* Project object */ = {
			isa = PBXProject;
			attributes = {
				LastSwiftUpdateCheck = 0730;
				LastUpgradeCheck = 0730;
				ORGANIZATIONNAME = "Dylan Wight";
				TargetAttributes = {
					873AFA0C1CED7697006FD34A = {
						CreatedOnToolsVersion = 7.3;
						DevelopmentTeam = RQ5HD8UR84;
						SystemCapabilities = {
							com.apple.Push = {
								enabled = 1;
							};
						};
					};
				};
			};
			buildConfigurationList = 873AFA081CED7697006FD34A /* Build configuration list for PBXProject "Colorue" */;
			compatibilityVersion = "Xcode 3.2";
			developmentRegion = English;
			hasScannedForEncodings = 0;
			knownRegions = (
				en,
				Base,
			);
			mainGroup = 873AFA041CED7697006FD34A;
			productRefGroup = 873AFA041CED7697006FD34A;
			projectDirPath = "";
			projectRoot = "";
			targets = (
				873AFA0C1CED7697006FD34A /* Colorue */,
			);
		};
/* End PBXProject section */

/* Begin PBXResourcesBuildPhase section */
		873AFA0B1CED7697006FD34A /* Resources */ = {
			isa = PBXResourcesBuildPhase;
			buildActionMask = 2147483647;
			files = (
				8763D30B1CEE229C00E3D528 /* OpenSans-Regular.ttf in Resources */,
				87AA5CFB1D088CAC00D2E7B5 /* playtime.ttf in Resources */,
				8763D2BD1CEE221D00E3D528 /* Launch Screen.storyboard in Resources */,
				87DF2BD51D0CAD3E006ED9AF /* GoogleService-Info.plist in Resources */,
				8763D3151CEE22D300E3D528 /* Assets.xcassets in Resources */,
				8763D2B91CEE21BC00E3D528 /* Main.storyboard in Resources */,
			);
			runOnlyForDeploymentPostprocessing = 0;
		};
/* End PBXResourcesBuildPhase section */

/* Begin PBXShellScriptBuildPhase section */
		8096E78B139EE4586AD7A003 /* 📦 Check Pods Manifest.lock */ = {
			isa = PBXShellScriptBuildPhase;
			buildActionMask = 2147483647;
			files = (
			);
			inputPaths = (
			);
			name = "📦 Check Pods Manifest.lock";
			outputPaths = (
			);
			runOnlyForDeploymentPostprocessing = 0;
			shellPath = /bin/sh;
			shellScript = "diff \"${PODS_ROOT}/../Podfile.lock\" \"${PODS_ROOT}/Manifest.lock\" > /dev/null\nif [[ $? != 0 ]] ; then\n    cat << EOM\nerror: The sandbox is not in sync with the Podfile.lock. Run 'pod install' or update your CocoaPods installation.\nEOM\n    exit 1\nfi\n";
			showEnvVarsInLog = 0;
		};
		CB89312FB0493140F375FFF3 /* 📦 Embed Pods Frameworks */ = {
			isa = PBXShellScriptBuildPhase;
			buildActionMask = 2147483647;
			files = (
			);
			inputPaths = (
			);
			name = "📦 Embed Pods Frameworks";
			outputPaths = (
			);
			runOnlyForDeploymentPostprocessing = 0;
			shellPath = /bin/sh;
			shellScript = "\"${SRCROOT}/Pods/Target Support Files/Pods-Colorue/Pods-Colorue-frameworks.sh\"\n";
			showEnvVarsInLog = 0;
		};
		DFC7560C6D79885D4B5988F3 /* 📦 Copy Pods Resources */ = {
			isa = PBXShellScriptBuildPhase;
			buildActionMask = 2147483647;
			files = (
			);
			inputPaths = (
			);
			name = "📦 Copy Pods Resources";
			outputPaths = (
			);
			runOnlyForDeploymentPostprocessing = 0;
			shellPath = /bin/sh;
			shellScript = "\"${SRCROOT}/Pods/Target Support Files/Pods-Colorue/Pods-Colorue-resources.sh\"\n";
			showEnvVarsInLog = 0;
		};
/* End PBXShellScriptBuildPhase section */

/* Begin PBXSourcesBuildPhase section */
		873AFA091CED7697006FD34A /* Sources */ = {
			isa = PBXSourcesBuildPhase;
			buildActionMask = 2147483647;
			files = (
				8774BA471CFF823C00B26931 /* ProfileCell.swift in Sources */,
				8774BA491CFFA08C00B26931 /* ProfileViewController.swift in Sources */,
				8763D2DE1CEE226700E3D528 /* TabBarController.swift in Sources */,
				87E1F67F1CF69ED1003FFF3F /* APIDelagate.swift in Sources */,
				87AFB24B1D1C43DC0016FC59 /* FriendsViewController.swift in Sources */,
				8763D30A1CEE229C00E3D528 /* UIStoryboardSegueFromRight.swift in Sources */,
				8763D3011CEE229C00E3D528 /* DrawingCell.swift in Sources */,
				8763D2FF1CEE229C00E3D528 /* ColorKeyboardDelagate.swift in Sources */,
				87F754F01D187184005B4A14 /* InviteCell.swift in Sources */,
				8763D3081CEE229C00E3D528 /* User.swift in Sources */,
				8748A6B71CF4C844003CEEE0 /* WriteCommentCellDelagate.swift in Sources */,
				8763D2DF1CEE226700E3D528 /* LoadingViewController.swift in Sources */,
				8763D3001CEE229C00E3D528 /* UserCell.swift in Sources */,
				8763D2FD1CEE229C00E3D528 /* DescriptionInputDelagate.swift in Sources */,
				87CC7D431D00A92D0056DF73 /* CommentCellDelagate.swift in Sources */,
				8763D2FE1CEE229C00E3D528 /* CanvasDelagate.swift in Sources */,
				87C204E51D0B8F6F0061DDB2 /* ProfilePicActivity.swift in Sources */,
				8763D2D61CEE226700E3D528 /* DrawingViewController.swift in Sources */,
				87DF2BD11D0CA035006ED9AF /* BeFoundViewController.swift in Sources */,
				87E7ADE81CF38BEB00DC226A /* Drawing.swift in Sources */,
				879BCC9E1CF4C4A000CD95E7 /* WriteCommentCell.swift in Sources */,
				8730D80E1D0735ED00E1D939 /* DeleteActivity.swift in Sources */,
				8763D2BB1CEE220200E3D528 /* AppDelegate.swift in Sources */,
				87AFB2491D19FE490016FC59 /* ShareViewController.swift in Sources */,
				8763D2FA1CEE229C00E3D528 /* CanvasView.swift in Sources */,
				879BCC961CF3F04F00CD95E7 /* UserListViewController.swift in Sources */,
				87DEFB231D0CEDBD00924FDC /* SignInViewController.swift in Sources */,
				8763D2DD1CEE226700E3D528 /* NavigationController.swift in Sources */,
				8763D3111CEE229C00E3D528 /* ColorConstants.swift in Sources */,
				87AFB24E1D1C58CC0016FC59 /* DrawingListViewController.swift in Sources */,
				8763D3131CEE229C00E3D528 /* UIImageExtensions.swift in Sources */,
				87E1F67D1CF63AF5003FFF3F /* DrawingDelagate.swift in Sources */,
				879BCC9A1CF41A7900CD95E7 /* CommentViewController.swift in Sources */,
				876614BA1D034F1200DF4590 /* SearchViewController.swift in Sources */,
				875B4E091D15ACFD004F4CD2 /* AuthAPI.swift in Sources */,
				8763D3091CEE229C00E3D528 /* API.swift in Sources */,
				874C111B1CFA8D0E00F5114C /* UserCellDelagate.swift in Sources */,
				87BB3C541D04B88D00662BA1 /* UIImage_UIImageColorPicker.m in Sources */,
				8763D2FB1CEE229C00E3D528 /* ColorKeyboardView.swift in Sources */,
				87619AE61D076457000BBCC5 /* EditActivity.swift in Sources */,
				875B4E0D1D15E5F8004F4CD2 /* Contact.swift in Sources */,
				8763D3121CEE229C00E3D528 /* UIColorExtensions.swift in Sources */,
				875B4E0B1D15E443004F4CD2 /* ContactsAPI.swift in Sources */,
				879BCC981CF4137F00CD95E7 /* Comment.swift in Sources */,
				8763D2DA1CEE226700E3D528 /* WelcomeViewController.swift in Sources */,
				87DF2BCD1D0C88BC006ED9AF /* SignUpViewController.swift in Sources */,
				87DF2BD31D0CA731006ED9AF /* NewUser.swift in Sources */,
				8763D2D01CEE226700E3D528 /* WallViewController.swift in Sources */,
				87D91EBB1D0CC650004CD25D /* FacebookLoginResult.swift in Sources */,
				87619AE81D0786FF000BBCC5 /* InviteViewController.swift in Sources */,
				87DF2BCF1D0C90EF006ED9AF /* ChooseUsernameViewController.swift in Sources */,
				879BCC9C1CF41DE600CD95E7 /* CommentCell.swift in Sources */,
			);
			runOnlyForDeploymentPostprocessing = 0;
		};
/* End PBXSourcesBuildPhase section */

/* Begin XCBuildConfiguration section */
		873AFA1D1CED7697006FD34A /* Debug */ = {
			isa = XCBuildConfiguration;
			buildSettings = {
				ALWAYS_SEARCH_USER_PATHS = NO;
				CLANG_ANALYZER_NONNULL = YES;
				CLANG_CXX_LANGUAGE_STANDARD = "gnu++0x";
				CLANG_CXX_LIBRARY = "libc++";
				CLANG_ENABLE_MODULES = YES;
				CLANG_ENABLE_OBJC_ARC = YES;
				CLANG_WARN_BOOL_CONVERSION = YES;
				CLANG_WARN_CONSTANT_CONVERSION = YES;
				CLANG_WARN_DIRECT_OBJC_ISA_USAGE = YES_ERROR;
				CLANG_WARN_EMPTY_BODY = YES;
				CLANG_WARN_ENUM_CONVERSION = YES;
				CLANG_WARN_INT_CONVERSION = YES;
				CLANG_WARN_OBJC_ROOT_CLASS = YES_ERROR;
				CLANG_WARN_UNREACHABLE_CODE = YES;
				CLANG_WARN__DUPLICATE_METHOD_MATCH = YES;
				"CODE_SIGN_IDENTITY[sdk=iphoneos*]" = "iPhone Developer";
				COPY_PHASE_STRIP = NO;
				DEBUG_INFORMATION_FORMAT = dwarf;
				ENABLE_STRICT_OBJC_MSGSEND = YES;
				ENABLE_TESTABILITY = YES;
				GCC_C_LANGUAGE_STANDARD = gnu99;
				GCC_DYNAMIC_NO_PIC = NO;
				GCC_NO_COMMON_BLOCKS = YES;
				GCC_OPTIMIZATION_LEVEL = 0;
				GCC_PREPROCESSOR_DEFINITIONS = (
					"DEBUG=1",
					"$(inherited)",
				);
				GCC_WARN_64_TO_32_BIT_CONVERSION = YES;
				GCC_WARN_ABOUT_RETURN_TYPE = YES_ERROR;
				GCC_WARN_UNDECLARED_SELECTOR = YES;
				GCC_WARN_UNINITIALIZED_AUTOS = YES_AGGRESSIVE;
				GCC_WARN_UNUSED_FUNCTION = YES;
				GCC_WARN_UNUSED_VARIABLE = YES;
				IPHONEOS_DEPLOYMENT_TARGET = 9.0;
				MTL_ENABLE_DEBUG_INFO = YES;
				ONLY_ACTIVE_ARCH = YES;
				SDKROOT = iphoneos;
				SWIFT_OPTIMIZATION_LEVEL = "-Onone";
			};
			name = Debug;
		};
		873AFA1E1CED7697006FD34A /* Release */ = {
			isa = XCBuildConfiguration;
			buildSettings = {
				ALWAYS_SEARCH_USER_PATHS = NO;
				CLANG_ANALYZER_NONNULL = YES;
				CLANG_CXX_LANGUAGE_STANDARD = "gnu++0x";
				CLANG_CXX_LIBRARY = "libc++";
				CLANG_ENABLE_MODULES = YES;
				CLANG_ENABLE_OBJC_ARC = YES;
				CLANG_WARN_BOOL_CONVERSION = YES;
				CLANG_WARN_CONSTANT_CONVERSION = YES;
				CLANG_WARN_DIRECT_OBJC_ISA_USAGE = YES_ERROR;
				CLANG_WARN_EMPTY_BODY = YES;
				CLANG_WARN_ENUM_CONVERSION = YES;
				CLANG_WARN_INT_CONVERSION = YES;
				CLANG_WARN_OBJC_ROOT_CLASS = YES_ERROR;
				CLANG_WARN_UNREACHABLE_CODE = YES;
				CLANG_WARN__DUPLICATE_METHOD_MATCH = YES;
				"CODE_SIGN_IDENTITY[sdk=iphoneos*]" = "iPhone Developer";
				COPY_PHASE_STRIP = NO;
				DEBUG_INFORMATION_FORMAT = "dwarf-with-dsym";
				ENABLE_NS_ASSERTIONS = NO;
				ENABLE_STRICT_OBJC_MSGSEND = YES;
				GCC_C_LANGUAGE_STANDARD = gnu99;
				GCC_NO_COMMON_BLOCKS = YES;
				GCC_WARN_64_TO_32_BIT_CONVERSION = YES;
				GCC_WARN_ABOUT_RETURN_TYPE = YES_ERROR;
				GCC_WARN_UNDECLARED_SELECTOR = YES;
				GCC_WARN_UNINITIALIZED_AUTOS = YES_AGGRESSIVE;
				GCC_WARN_UNUSED_FUNCTION = YES;
				GCC_WARN_UNUSED_VARIABLE = YES;
				IPHONEOS_DEPLOYMENT_TARGET = 9.0;
				MTL_ENABLE_DEBUG_INFO = NO;
				SDKROOT = iphoneos;
				VALIDATE_PRODUCT = YES;
			};
			name = Release;
		};
		873AFA201CED7697006FD34A /* Debug */ = {
			isa = XCBuildConfiguration;
			baseConfigurationReference = C1E9D337EE0314B9F108640A /* Pods-Colorue.debug.xcconfig */;
			buildSettings = {
				ASSETCATALOG_COMPILER_APPICON_NAME = AppIcon;
				CLANG_ENABLE_MODULES = YES;
				GCC_DYNAMIC_NO_PIC = NO;
				INFOPLIST_FILE = MorphuApp/Info.plist;
				IPHONEOS_DEPLOYMENT_TARGET = 9.0;
				LD_RUNPATH_SEARCH_PATHS = "$(inherited) @executable_path/Frameworks";
				PRODUCT_BUNDLE_IDENTIFIER = "Wight-Dylan.Colorue";
				PRODUCT_NAME = Colorue;
				SWIFT_OBJC_BRIDGING_HEADER = "MorphuApp/Canvix-Bridging-Header.h";
				SWIFT_OPTIMIZATION_LEVEL = "-Onone";
			};
			name = Debug;
		};
		873AFA211CED7697006FD34A /* Release */ = {
			isa = XCBuildConfiguration;
			baseConfigurationReference = E8106296AB6A9F9FA282519A /* Pods-Colorue.release.xcconfig */;
			buildSettings = {
				ASSETCATALOG_COMPILER_APPICON_NAME = AppIcon;
				CLANG_ENABLE_MODULES = YES;
				GCC_DYNAMIC_NO_PIC = NO;
				INFOPLIST_FILE = MorphuApp/Info.plist;
				IPHONEOS_DEPLOYMENT_TARGET = 9.0;
				LD_RUNPATH_SEARCH_PATHS = "$(inherited) @executable_path/Frameworks";
				PRODUCT_BUNDLE_IDENTIFIER = "Wight-Dylan.Colorue";
				PRODUCT_NAME = Colorue;
				SWIFT_OBJC_BRIDGING_HEADER = "MorphuApp/Canvix-Bridging-Header.h";
			};
			name = Release;
		};
/* End XCBuildConfiguration section */

/* Begin XCConfigurationList section */
		873AFA081CED7697006FD34A /* Build configuration list for PBXProject "Colorue" */ = {
			isa = XCConfigurationList;
			buildConfigurations = (
				873AFA1D1CED7697006FD34A /* Debug */,
				873AFA1E1CED7697006FD34A /* Release */,
			);
			defaultConfigurationIsVisible = 0;
			defaultConfigurationName = Release;
		};
		873AFA1F1CED7697006FD34A /* Build configuration list for PBXNativeTarget "Colorue" */ = {
			isa = XCConfigurationList;
			buildConfigurations = (
				873AFA201CED7697006FD34A /* Debug */,
				873AFA211CED7697006FD34A /* Release */,
			);
			defaultConfigurationIsVisible = 0;
			defaultConfigurationName = Release;
		};
/* End XCConfigurationList section */
	};
	rootObject = 873AFA051CED7697006FD34A /* Project object */;
}
