// !$*UTF8*$!
{
	archiveVersion = 1;
	classes = {
	};
	objectVersion = 46;
	objects = {

/* Begin PBXBuildFile section */
		1D8CA3965B4E0FC811AC6443 /* Pods_MorphuApp.framework in Frameworks */ = {isa = PBXBuildFile; fileRef = 3AC602CA27CECBBCF35FCD1E /* Pods_MorphuApp.framework */; };
		8748A6B71CF4C844003CEEE0 /* WriteCommentCellDelagate.swift in Sources */ = {isa = PBXBuildFile; fileRef = 8748A6B61CF4C844003CEEE0 /* WriteCommentCellDelagate.swift */; };
		8763D2B91CEE21BC00E3D528 /* Main.storyboard in Resources */ = {isa = PBXBuildFile; fileRef = 8763D2B81CEE21BC00E3D528 /* Main.storyboard */; };
		8763D2BB1CEE220200E3D528 /* AppDelegate.swift in Sources */ = {isa = PBXBuildFile; fileRef = 8763D2BA1CEE220200E3D528 /* AppDelegate.swift */; };
		8763D2BD1CEE221D00E3D528 /* Launch Screen.storyboard in Resources */ = {isa = PBXBuildFile; fileRef = 8763D2BC1CEE221D00E3D528 /* Launch Screen.storyboard */; };
		8763D2BF1CEE223000E3D528 /* GoogleService-Info.plist in Resources */ = {isa = PBXBuildFile; fileRef = 8763D2BE1CEE223000E3D528 /* GoogleService-Info.plist */; };
		8763D2D01CEE226700E3D528 /* WallViewController.swift in Sources */ = {isa = PBXBuildFile; fileRef = 8763D2C01CEE226700E3D528 /* WallViewController.swift */; };
		8763D2D61CEE226700E3D528 /* DrawingViewController.swift in Sources */ = {isa = PBXBuildFile; fileRef = 8763D2C61CEE226700E3D528 /* DrawingViewController.swift */; };
		8763D2D81CEE226700E3D528 /* GroupTableViewController.swift in Sources */ = {isa = PBXBuildFile; fileRef = 8763D2C81CEE226700E3D528 /* GroupTableViewController.swift */; };
		8763D2DA1CEE226700E3D528 /* OnboardingViewController.swift in Sources */ = {isa = PBXBuildFile; fileRef = 8763D2CA1CEE226700E3D528 /* OnboardingViewController.swift */; };
		8763D2DB1CEE226700E3D528 /* LoginViewController.swift in Sources */ = {isa = PBXBuildFile; fileRef = 8763D2CB1CEE226700E3D528 /* LoginViewController.swift */; };
		8763D2DC1CEE226700E3D528 /* RegisterViewController.swift in Sources */ = {isa = PBXBuildFile; fileRef = 8763D2CC1CEE226700E3D528 /* RegisterViewController.swift */; };
		8763D2DD1CEE226700E3D528 /* NavigationController.swift in Sources */ = {isa = PBXBuildFile; fileRef = 8763D2CD1CEE226700E3D528 /* NavigationController.swift */; };
		8763D2DE1CEE226700E3D528 /* TabBarController.swift in Sources */ = {isa = PBXBuildFile; fileRef = 8763D2CE1CEE226700E3D528 /* TabBarController.swift */; };
		8763D2DF1CEE226700E3D528 /* LoadingViewController.swift in Sources */ = {isa = PBXBuildFile; fileRef = 8763D2CF1CEE226700E3D528 /* LoadingViewController.swift */; };
		8763D2FA1CEE229C00E3D528 /* CanvasView.swift in Sources */ = {isa = PBXBuildFile; fileRef = 8763D2E01CEE229C00E3D528 /* CanvasView.swift */; };
		8763D2FB1CEE229C00E3D528 /* ColorKeyboardView.swift in Sources */ = {isa = PBXBuildFile; fileRef = 8763D2E11CEE229C00E3D528 /* ColorKeyboardView.swift */; };
		8763D2FC1CEE229C00E3D528 /* DescriptionInputView.swift in Sources */ = {isa = PBXBuildFile; fileRef = 8763D2E21CEE229C00E3D528 /* DescriptionInputView.swift */; };
		8763D2FD1CEE229C00E3D528 /* DescriptionInputDelagate.swift in Sources */ = {isa = PBXBuildFile; fileRef = 8763D2E31CEE229C00E3D528 /* DescriptionInputDelagate.swift */; };
		8763D2FE1CEE229C00E3D528 /* CanvasDelagate.swift in Sources */ = {isa = PBXBuildFile; fileRef = 8763D2E41CEE229C00E3D528 /* CanvasDelagate.swift */; };
		8763D2FF1CEE229C00E3D528 /* ColorKeyboardDelagate.swift in Sources */ = {isa = PBXBuildFile; fileRef = 8763D2E51CEE229C00E3D528 /* ColorKeyboardDelagate.swift */; };
		8763D3001CEE229C00E3D528 /* UserTableViewCell.swift in Sources */ = {isa = PBXBuildFile; fileRef = 8763D2E61CEE229C00E3D528 /* UserTableViewCell.swift */; };
		8763D3011CEE229C00E3D528 /* DrawingCell.swift in Sources */ = {isa = PBXBuildFile; fileRef = 8763D2E71CEE229C00E3D528 /* DrawingCell.swift */; };
		8763D3081CEE229C00E3D528 /* User.swift in Sources */ = {isa = PBXBuildFile; fileRef = 8763D2EE1CEE229C00E3D528 /* User.swift */; };
		8763D3091CEE229C00E3D528 /* API.swift in Sources */ = {isa = PBXBuildFile; fileRef = 8763D2EF1CEE229C00E3D528 /* API.swift */; };
		8763D30A1CEE229C00E3D528 /* SegueFromLeft.swift in Sources */ = {isa = PBXBuildFile; fileRef = 8763D2F01CEE229C00E3D528 /* SegueFromLeft.swift */; };
		8763D30B1CEE229C00E3D528 /* OpenSans-Regular.ttf in Resources */ = {isa = PBXBuildFile; fileRef = 8763D2F11CEE229C00E3D528 /* OpenSans-Regular.ttf */; };
		8763D30C1CEE229C00E3D528 /* SF_Cartoonist_Hand.ttf in Resources */ = {isa = PBXBuildFile; fileRef = 8763D2F21CEE229C00E3D528 /* SF_Cartoonist_Hand.ttf */; };
		8763D30D1CEE229C00E3D528 /* Oswald-Medium.ttf in Resources */ = {isa = PBXBuildFile; fileRef = 8763D2F31CEE229C00E3D528 /* Oswald-Medium.ttf */; };
		8763D30E1CEE229C00E3D528 /* KOMTXT__.ttf in Resources */ = {isa = PBXBuildFile; fileRef = 8763D2F41CEE229C00E3D528 /* KOMTXT__.ttf */; };
		8763D30F1CEE229C00E3D528 /* Comfortaa_Regular.ttf in Resources */ = {isa = PBXBuildFile; fileRef = 8763D2F51CEE229C00E3D528 /* Comfortaa_Regular.ttf */; };
		8763D3101CEE229C00E3D528 /* BPreplay.otf in Resources */ = {isa = PBXBuildFile; fileRef = 8763D2F61CEE229C00E3D528 /* BPreplay.otf */; };
		8763D3111CEE229C00E3D528 /* ColorConstants.swift in Sources */ = {isa = PBXBuildFile; fileRef = 8763D2F71CEE229C00E3D528 /* ColorConstants.swift */; };
		8763D3121CEE229C00E3D528 /* UIColorExtensions.swift in Sources */ = {isa = PBXBuildFile; fileRef = 8763D2F81CEE229C00E3D528 /* UIColorExtensions.swift */; };
		8763D3131CEE229C00E3D528 /* UIImageExtensions.swift in Sources */ = {isa = PBXBuildFile; fileRef = 8763D2F91CEE229C00E3D528 /* UIImageExtensions.swift */; };
		8763D3151CEE22D300E3D528 /* Assets.xcassets in Resources */ = {isa = PBXBuildFile; fileRef = 8763D3141CEE22D300E3D528 /* Assets.xcassets */; };
		879473D41CF3B3FC0002A004 /* DrawingCellDelagate.swift in Sources */ = {isa = PBXBuildFile; fileRef = 879473D31CF3B3FC0002A004 /* DrawingCellDelagate.swift */; };
		879BCC961CF3F04F00CD95E7 /* LikeViewController.swift in Sources */ = {isa = PBXBuildFile; fileRef = 879BCC951CF3F04F00CD95E7 /* LikeViewController.swift */; };
		879BCC981CF4137F00CD95E7 /* Comment.swift in Sources */ = {isa = PBXBuildFile; fileRef = 879BCC971CF4137F00CD95E7 /* Comment.swift */; };
		879BCC9A1CF41A7900CD95E7 /* CommentViewController.swift in Sources */ = {isa = PBXBuildFile; fileRef = 879BCC991CF41A7900CD95E7 /* CommentViewController.swift */; };
		879BCC9C1CF41DE600CD95E7 /* CommentCell.swift in Sources */ = {isa = PBXBuildFile; fileRef = 879BCC9B1CF41DE600CD95E7 /* CommentCell.swift */; };
		879BCC9E1CF4C4A000CD95E7 /* WriteCommentCell.swift in Sources */ = {isa = PBXBuildFile; fileRef = 879BCC9D1CF4C4A000CD95E7 /* WriteCommentCell.swift */; };
		87AD8F671CF78B2E001A2ABA /* Wall.swift in Sources */ = {isa = PBXBuildFile; fileRef = 87AD8F661CF78B2E001A2ABA /* Wall.swift */; };
		87E1F67D1CF63AF5003FFF3F /* DrawingDelagate.swift in Sources */ = {isa = PBXBuildFile; fileRef = 87E1F67C1CF63AF5003FFF3F /* DrawingDelagate.swift */; };
		87E1F67F1CF69ED1003FFF3F /* APIDelagate.swift in Sources */ = {isa = PBXBuildFile; fileRef = 87E1F67E1CF69ED1003FFF3F /* APIDelagate.swift */; };
		87E7ADE61CF36D9D00DC226A /* PresentDrawingViewController.swift in Sources */ = {isa = PBXBuildFile; fileRef = 87E7ADE51CF36D9D00DC226A /* PresentDrawingViewController.swift */; };
		87E7ADE81CF38BEB00DC226A /* Drawing.swift in Sources */ = {isa = PBXBuildFile; fileRef = 87E7ADE71CF38BEB00DC226A /* Drawing.swift */; };
		C072683204FB2AF0B2E1F9FF /* Pods_Morphu.framework in Frameworks */ = {isa = PBXBuildFile; fileRef = CA2BDE5BBB2459DAB3FF5B80 /* Pods_Morphu.framework */; };
/* End PBXBuildFile section */

/* Begin PBXFileReference section */
		3AC602CA27CECBBCF35FCD1E /* Pods_MorphuApp.framework */ = {isa = PBXFileReference; explicitFileType = wrapper.framework; includeInIndex = 0; path = Pods_MorphuApp.framework; sourceTree = BUILT_PRODUCTS_DIR; };
		7027106533457C5FF32FCFBE /* Pods-MorphuApp.release.xcconfig */ = {isa = PBXFileReference; includeInIndex = 1; lastKnownFileType = text.xcconfig; name = "Pods-MorphuApp.release.xcconfig"; path = "Pods/Target Support Files/Pods-MorphuApp/Pods-MorphuApp.release.xcconfig"; sourceTree = "<group>"; };
		873AFA0D1CED7697006FD34A /* Morphu.app */ = {isa = PBXFileReference; explicitFileType = wrapper.application; includeInIndex = 0; path = Morphu.app; sourceTree = BUILT_PRODUCTS_DIR; };
		873AFA1C1CED7697006FD34A /* Info.plist */ = {isa = PBXFileReference; lastKnownFileType = text.plist.xml; path = Info.plist; sourceTree = "<group>"; };
		8748A6B61CF4C844003CEEE0 /* WriteCommentCellDelagate.swift */ = {isa = PBXFileReference; fileEncoding = 4; lastKnownFileType = sourcecode.swift; path = WriteCommentCellDelagate.swift; sourceTree = "<group>"; };
		8763D2B81CEE21BC00E3D528 /* Main.storyboard */ = {isa = PBXFileReference; fileEncoding = 4; lastKnownFileType = file.storyboard; path = Main.storyboard; sourceTree = "<group>"; };
		8763D2BA1CEE220200E3D528 /* AppDelegate.swift */ = {isa = PBXFileReference; fileEncoding = 4; lastKnownFileType = sourcecode.swift; path = AppDelegate.swift; sourceTree = "<group>"; };
		8763D2BC1CEE221D00E3D528 /* Launch Screen.storyboard */ = {isa = PBXFileReference; fileEncoding = 4; lastKnownFileType = file.storyboard; path = "Launch Screen.storyboard"; sourceTree = "<group>"; };
		8763D2BE1CEE223000E3D528 /* GoogleService-Info.plist */ = {isa = PBXFileReference; fileEncoding = 4; lastKnownFileType = text.plist.xml; path = "GoogleService-Info.plist"; sourceTree = "<group>"; };
		8763D2C01CEE226700E3D528 /* WallViewController.swift */ = {isa = PBXFileReference; fileEncoding = 4; lastKnownFileType = sourcecode.swift; path = WallViewController.swift; sourceTree = "<group>"; };
		8763D2C61CEE226700E3D528 /* DrawingViewController.swift */ = {isa = PBXFileReference; fileEncoding = 4; lastKnownFileType = sourcecode.swift; path = DrawingViewController.swift; sourceTree = "<group>"; };
		8763D2C81CEE226700E3D528 /* GroupTableViewController.swift */ = {isa = PBXFileReference; fileEncoding = 4; lastKnownFileType = sourcecode.swift; path = GroupTableViewController.swift; sourceTree = "<group>"; };
		8763D2CA1CEE226700E3D528 /* OnboardingViewController.swift */ = {isa = PBXFileReference; fileEncoding = 4; lastKnownFileType = sourcecode.swift; path = OnboardingViewController.swift; sourceTree = "<group>"; };
		8763D2CB1CEE226700E3D528 /* LoginViewController.swift */ = {isa = PBXFileReference; fileEncoding = 4; lastKnownFileType = sourcecode.swift; path = LoginViewController.swift; sourceTree = "<group>"; };
		8763D2CC1CEE226700E3D528 /* RegisterViewController.swift */ = {isa = PBXFileReference; fileEncoding = 4; lastKnownFileType = sourcecode.swift; path = RegisterViewController.swift; sourceTree = "<group>"; };
		8763D2CD1CEE226700E3D528 /* NavigationController.swift */ = {isa = PBXFileReference; fileEncoding = 4; lastKnownFileType = sourcecode.swift; path = NavigationController.swift; sourceTree = "<group>"; };
		8763D2CE1CEE226700E3D528 /* TabBarController.swift */ = {isa = PBXFileReference; fileEncoding = 4; lastKnownFileType = sourcecode.swift; path = TabBarController.swift; sourceTree = "<group>"; };
		8763D2CF1CEE226700E3D528 /* LoadingViewController.swift */ = {isa = PBXFileReference; fileEncoding = 4; lastKnownFileType = sourcecode.swift; path = LoadingViewController.swift; sourceTree = "<group>"; };
		8763D2E01CEE229C00E3D528 /* CanvasView.swift */ = {isa = PBXFileReference; fileEncoding = 4; lastKnownFileType = sourcecode.swift; path = CanvasView.swift; sourceTree = "<group>"; };
		8763D2E11CEE229C00E3D528 /* ColorKeyboardView.swift */ = {isa = PBXFileReference; fileEncoding = 4; lastKnownFileType = sourcecode.swift; path = ColorKeyboardView.swift; sourceTree = "<group>"; };
		8763D2E21CEE229C00E3D528 /* DescriptionInputView.swift */ = {isa = PBXFileReference; fileEncoding = 4; lastKnownFileType = sourcecode.swift; path = DescriptionInputView.swift; sourceTree = "<group>"; };
		8763D2E31CEE229C00E3D528 /* DescriptionInputDelagate.swift */ = {isa = PBXFileReference; fileEncoding = 4; lastKnownFileType = sourcecode.swift; path = DescriptionInputDelagate.swift; sourceTree = "<group>"; };
		8763D2E41CEE229C00E3D528 /* CanvasDelagate.swift */ = {isa = PBXFileReference; fileEncoding = 4; lastKnownFileType = sourcecode.swift; path = CanvasDelagate.swift; sourceTree = "<group>"; };
		8763D2E51CEE229C00E3D528 /* ColorKeyboardDelagate.swift */ = {isa = PBXFileReference; fileEncoding = 4; lastKnownFileType = sourcecode.swift; path = ColorKeyboardDelagate.swift; sourceTree = "<group>"; };
		8763D2E61CEE229C00E3D528 /* UserTableViewCell.swift */ = {isa = PBXFileReference; fileEncoding = 4; lastKnownFileType = sourcecode.swift; path = UserTableViewCell.swift; sourceTree = "<group>"; };
		8763D2E71CEE229C00E3D528 /* DrawingCell.swift */ = {isa = PBXFileReference; fileEncoding = 4; lastKnownFileType = sourcecode.swift; path = DrawingCell.swift; sourceTree = "<group>"; };
		8763D2EE1CEE229C00E3D528 /* User.swift */ = {isa = PBXFileReference; fileEncoding = 4; lastKnownFileType = sourcecode.swift; path = User.swift; sourceTree = "<group>"; };
		8763D2EF1CEE229C00E3D528 /* API.swift */ = {isa = PBXFileReference; fileEncoding = 4; lastKnownFileType = sourcecode.swift; path = API.swift; sourceTree = "<group>"; };
		8763D2F01CEE229C00E3D528 /* SegueFromLeft.swift */ = {isa = PBXFileReference; fileEncoding = 4; lastKnownFileType = sourcecode.swift; path = SegueFromLeft.swift; sourceTree = "<group>"; };
		8763D2F11CEE229C00E3D528 /* OpenSans-Regular.ttf */ = {isa = PBXFileReference; lastKnownFileType = file; path = "OpenSans-Regular.ttf"; sourceTree = "<group>"; };
		8763D2F21CEE229C00E3D528 /* SF_Cartoonist_Hand.ttf */ = {isa = PBXFileReference; lastKnownFileType = file; path = SF_Cartoonist_Hand.ttf; sourceTree = "<group>"; };
		8763D2F31CEE229C00E3D528 /* Oswald-Medium.ttf */ = {isa = PBXFileReference; lastKnownFileType = file; path = "Oswald-Medium.ttf"; sourceTree = "<group>"; };
		8763D2F41CEE229C00E3D528 /* KOMTXT__.ttf */ = {isa = PBXFileReference; lastKnownFileType = file; path = KOMTXT__.ttf; sourceTree = "<group>"; };
		8763D2F51CEE229C00E3D528 /* Comfortaa_Regular.ttf */ = {isa = PBXFileReference; lastKnownFileType = file; path = Comfortaa_Regular.ttf; sourceTree = "<group>"; };
		8763D2F61CEE229C00E3D528 /* BPreplay.otf */ = {isa = PBXFileReference; lastKnownFileType = file; path = BPreplay.otf; sourceTree = "<group>"; };
		8763D2F71CEE229C00E3D528 /* ColorConstants.swift */ = {isa = PBXFileReference; fileEncoding = 4; lastKnownFileType = sourcecode.swift; path = ColorConstants.swift; sourceTree = "<group>"; };
		8763D2F81CEE229C00E3D528 /* UIColorExtensions.swift */ = {isa = PBXFileReference; fileEncoding = 4; lastKnownFileType = sourcecode.swift; path = UIColorExtensions.swift; sourceTree = "<group>"; };
		8763D2F91CEE229C00E3D528 /* UIImageExtensions.swift */ = {isa = PBXFileReference; fileEncoding = 4; lastKnownFileType = sourcecode.swift; path = UIImageExtensions.swift; sourceTree = "<group>"; };
		8763D3141CEE22D300E3D528 /* Assets.xcassets */ = {isa = PBXFileReference; lastKnownFileType = folder.assetcatalog; path = Assets.xcassets; sourceTree = "<group>"; };
		879473D31CF3B3FC0002A004 /* DrawingCellDelagate.swift */ = {isa = PBXFileReference; fileEncoding = 4; lastKnownFileType = sourcecode.swift; path = DrawingCellDelagate.swift; sourceTree = "<group>"; };
		879BCC951CF3F04F00CD95E7 /* LikeViewController.swift */ = {isa = PBXFileReference; fileEncoding = 4; lastKnownFileType = sourcecode.swift; path = LikeViewController.swift; sourceTree = "<group>"; };
		879BCC971CF4137F00CD95E7 /* Comment.swift */ = {isa = PBXFileReference; fileEncoding = 4; lastKnownFileType = sourcecode.swift; path = Comment.swift; sourceTree = "<group>"; };
		879BCC991CF41A7900CD95E7 /* CommentViewController.swift */ = {isa = PBXFileReference; fileEncoding = 4; lastKnownFileType = sourcecode.swift; path = CommentViewController.swift; sourceTree = "<group>"; };
		879BCC9B1CF41DE600CD95E7 /* CommentCell.swift */ = {isa = PBXFileReference; fileEncoding = 4; lastKnownFileType = sourcecode.swift; path = CommentCell.swift; sourceTree = "<group>"; };
		879BCC9D1CF4C4A000CD95E7 /* WriteCommentCell.swift */ = {isa = PBXFileReference; fileEncoding = 4; lastKnownFileType = sourcecode.swift; path = WriteCommentCell.swift; sourceTree = "<group>"; };
		87AD8F661CF78B2E001A2ABA /* Wall.swift */ = {isa = PBXFileReference; fileEncoding = 4; lastKnownFileType = sourcecode.swift; path = Wall.swift; sourceTree = "<group>"; };
		87E1F67C1CF63AF5003FFF3F /* DrawingDelagate.swift */ = {isa = PBXFileReference; fileEncoding = 4; lastKnownFileType = sourcecode.swift; path = DrawingDelagate.swift; sourceTree = "<group>"; };
		87E1F67E1CF69ED1003FFF3F /* APIDelagate.swift */ = {isa = PBXFileReference; fileEncoding = 4; lastKnownFileType = sourcecode.swift; path = APIDelagate.swift; sourceTree = "<group>"; };
		87E7ADE51CF36D9D00DC226A /* PresentDrawingViewController.swift */ = {isa = PBXFileReference; fileEncoding = 4; lastKnownFileType = sourcecode.swift; name = PresentDrawingViewController.swift; path = ../PresentDrawingViewController.swift; sourceTree = "<group>"; };
		87E7ADE71CF38BEB00DC226A /* Drawing.swift */ = {isa = PBXFileReference; fileEncoding = 4; lastKnownFileType = sourcecode.swift; path = Drawing.swift; sourceTree = "<group>"; };
		BFDAF5621E0CB86DC890797A /* Pods-MorphuApp.debug.xcconfig */ = {isa = PBXFileReference; includeInIndex = 1; lastKnownFileType = text.xcconfig; name = "Pods-MorphuApp.debug.xcconfig"; path = "Pods/Target Support Files/Pods-MorphuApp/Pods-MorphuApp.debug.xcconfig"; sourceTree = "<group>"; };
		C45E9835818095253005D81B /* Pods-Morphu.release.xcconfig */ = {isa = PBXFileReference; includeInIndex = 1; lastKnownFileType = text.xcconfig; name = "Pods-Morphu.release.xcconfig"; path = "Pods/Target Support Files/Pods-Morphu/Pods-Morphu.release.xcconfig"; sourceTree = "<group>"; };
		CA2BDE5BBB2459DAB3FF5B80 /* Pods_Morphu.framework */ = {isa = PBXFileReference; explicitFileType = wrapper.framework; includeInIndex = 0; path = Pods_Morphu.framework; sourceTree = BUILT_PRODUCTS_DIR; };
		FB8FDCD7C2DF9A66DCC349FB /* Pods-Morphu.debug.xcconfig */ = {isa = PBXFileReference; includeInIndex = 1; lastKnownFileType = text.xcconfig; name = "Pods-Morphu.debug.xcconfig"; path = "Pods/Target Support Files/Pods-Morphu/Pods-Morphu.debug.xcconfig"; sourceTree = "<group>"; };
/* End PBXFileReference section */

/* Begin PBXFrameworksBuildPhase section */
		873AFA0A1CED7697006FD34A /* Frameworks */ = {
			isa = PBXFrameworksBuildPhase;
			buildActionMask = 2147483647;
			files = (
				1D8CA3965B4E0FC811AC6443 /* Pods_MorphuApp.framework in Frameworks */,
				C072683204FB2AF0B2E1F9FF /* Pods_Morphu.framework in Frameworks */,
			);
			runOnlyForDeploymentPostprocessing = 0;
		};
/* End PBXFrameworksBuildPhase section */

/* Begin PBXGroup section */
		1434282B85DD599183CA51DD /* Pods */ = {
			isa = PBXGroup;
			children = (
				BFDAF5621E0CB86DC890797A /* Pods-MorphuApp.debug.xcconfig */,
				7027106533457C5FF32FCFBE /* Pods-MorphuApp.release.xcconfig */,
				FB8FDCD7C2DF9A66DCC349FB /* Pods-Morphu.debug.xcconfig */,
				C45E9835818095253005D81B /* Pods-Morphu.release.xcconfig */,
			);
			name = Pods;
			sourceTree = "<group>";
		};
		873AFA041CED7697006FD34A = {
			isa = PBXGroup;
			children = (
				8763D2BE1CEE223000E3D528 /* GoogleService-Info.plist */,
				873AFA0F1CED7697006FD34A /* MorphuApp */,
				873AFA0E1CED7697006FD34A /* Products */,
				1434282B85DD599183CA51DD /* Pods */,
				BAEE6982A2EBD2C1D64BAA23 /* Frameworks */,
			);
			sourceTree = "<group>";
		};
		873AFA0E1CED7697006FD34A /* Products */ = {
			isa = PBXGroup;
			children = (
				873AFA0D1CED7697006FD34A /* Morphu.app */,
			);
			name = Products;
			sourceTree = "<group>";
		};
		873AFA0F1CED7697006FD34A /* MorphuApp */ = {
			isa = PBXGroup;
			children = (
				8763D2BA1CEE220200E3D528 /* AppDelegate.swift */,
				8763D2BC1CEE221D00E3D528 /* Launch Screen.storyboard */,
				8763D2B81CEE21BC00E3D528 /* Main.storyboard */,
				873AFA1C1CED7697006FD34A /* Info.plist */,
				8763D3141CEE22D300E3D528 /* Assets.xcassets */,
				8763D3171CEE242100E3D528 /* Controller */,
				8763D3181CEE243400E3D528 /* View */,
				8763D3191CEE243B00E3D528 /* Model */,
				8763D31A1CEE244500E3D528 /* API */,
				8763D31F1CEE247F00E3D528 /* Supporting Files */,
			);
			path = MorphuApp;
			sourceTree = "<group>";
		};
		8763D3161CEE241000E3D528 /* Fonts */ = {
			isa = PBXGroup;
			children = (
				8763D2F11CEE229C00E3D528 /* OpenSans-Regular.ttf */,
				8763D2F21CEE229C00E3D528 /* SF_Cartoonist_Hand.ttf */,
				8763D2F31CEE229C00E3D528 /* Oswald-Medium.ttf */,
				8763D2F41CEE229C00E3D528 /* KOMTXT__.ttf */,
				8763D2F51CEE229C00E3D528 /* Comfortaa_Regular.ttf */,
				8763D2F61CEE229C00E3D528 /* BPreplay.otf */,
			);
			name = Fonts;
			sourceTree = "<group>";
		};
		8763D3171CEE242100E3D528 /* Controller */ = {
			isa = PBXGroup;
			children = (
				8763D3201CEE251800E3D528 /* Wall */,
				8763D3211CEE252300E3D528 /* Drawing */,
				8763D3221CEE253100E3D528 /* Friends */,
				8763D3241CEE255A00E3D528 /* Onboarding */,
				8763D3251CEE256200E3D528 /* Loading */,
				8763D3231CEE254100E3D528 /* Navigation */,
			);
			name = Controller;
			sourceTree = "<group>";
		};
		8763D3181CEE243400E3D528 /* View */ = {
			isa = PBXGroup;
			children = (
				8763D31E1CEE246C00E3D528 /* Elements */,
				8763D31D1CEE246400E3D528 /* Delagates */,
				8763D31C1CEE245F00E3D528 /* Cells */,
				8763D31B1CEE245000E3D528 /* Segues */,
			);
			name = View;
			sourceTree = "<group>";
		};
		8763D3191CEE243B00E3D528 /* Model */ = {
			isa = PBXGroup;
			children = (
				8763D2EE1CEE229C00E3D528 /* User.swift */,
				87E7ADE71CF38BEB00DC226A /* Drawing.swift */,
				879BCC971CF4137F00CD95E7 /* Comment.swift */,
				87AD8F661CF78B2E001A2ABA /* Wall.swift */,
			);
			name = Model;
			sourceTree = "<group>";
		};
		8763D31A1CEE244500E3D528 /* API */ = {
			isa = PBXGroup;
			children = (
				8763D2EF1CEE229C00E3D528 /* API.swift */,
			);
			name = API;
			sourceTree = "<group>";
		};
		8763D31B1CEE245000E3D528 /* Segues */ = {
			isa = PBXGroup;
			children = (
				8763D2F01CEE229C00E3D528 /* SegueFromLeft.swift */,
			);
			name = Segues;
			sourceTree = "<group>";
		};
		8763D31C1CEE245F00E3D528 /* Cells */ = {
			isa = PBXGroup;
			children = (
				8763D2E61CEE229C00E3D528 /* UserTableViewCell.swift */,
				8763D2E71CEE229C00E3D528 /* DrawingCell.swift */,
				879BCC9B1CF41DE600CD95E7 /* CommentCell.swift */,
				879BCC9D1CF4C4A000CD95E7 /* WriteCommentCell.swift */,
			);
			name = Cells;
			sourceTree = "<group>";
		};
		8763D31D1CEE246400E3D528 /* Delagates */ = {
			isa = PBXGroup;
			children = (
				8763D2E31CEE229C00E3D528 /* DescriptionInputDelagate.swift */,
				8763D2E41CEE229C00E3D528 /* CanvasDelagate.swift */,
				8763D2E51CEE229C00E3D528 /* ColorKeyboardDelagate.swift */,
				879473D31CF3B3FC0002A004 /* DrawingCellDelagate.swift */,
				8748A6B61CF4C844003CEEE0 /* WriteCommentCellDelagate.swift */,
				87E1F67C1CF63AF5003FFF3F /* DrawingDelagate.swift */,
				87E1F67E1CF69ED1003FFF3F /* APIDelagate.swift */,
			);
			name = Delagates;
			sourceTree = "<group>";
		};
		8763D31E1CEE246C00E3D528 /* Elements */ = {
			isa = PBXGroup;
			children = (
				8763D2E01CEE229C00E3D528 /* CanvasView.swift */,
				8763D2E11CEE229C00E3D528 /* ColorKeyboardView.swift */,
				8763D2E21CEE229C00E3D528 /* DescriptionInputView.swift */,
			);
			name = Elements;
			sourceTree = "<group>";
		};
		8763D31F1CEE247F00E3D528 /* Supporting Files */ = {
			isa = PBXGroup;
			children = (
				8763D3161CEE241000E3D528 /* Fonts */,
				8763D2F71CEE229C00E3D528 /* ColorConstants.swift */,
				8763D2F81CEE229C00E3D528 /* UIColorExtensions.swift */,
				8763D2F91CEE229C00E3D528 /* UIImageExtensions.swift */,
			);
			name = "Supporting Files";
			sourceTree = "<group>";
		};
		8763D3201CEE251800E3D528 /* Wall */ = {
			isa = PBXGroup;
			children = (
				8763D2C01CEE226700E3D528 /* WallViewController.swift */,
				879BCC951CF3F04F00CD95E7 /* LikeViewController.swift */,
				879BCC991CF41A7900CD95E7 /* CommentViewController.swift */,
			);
			name = Wall;
			sourceTree = "<group>";
		};
		8763D3211CEE252300E3D528 /* Drawing */ = {
			isa = PBXGroup;
			children = (
				8763D2C61CEE226700E3D528 /* DrawingViewController.swift */,
				87E7ADE51CF36D9D00DC226A /* PresentDrawingViewController.swift */,
			);
			name = Drawing;
			sourceTree = "<group>";
		};
		8763D3221CEE253100E3D528 /* Friends */ = {
			isa = PBXGroup;
			children = (
				8763D2C81CEE226700E3D528 /* GroupTableViewController.swift */,
			);
			name = Friends;
			sourceTree = "<group>";
		};
		8763D3231CEE254100E3D528 /* Navigation */ = {
			isa = PBXGroup;
			children = (
				8763D2CD1CEE226700E3D528 /* NavigationController.swift */,
				8763D2CE1CEE226700E3D528 /* TabBarController.swift */,
			);
			name = Navigation;
			sourceTree = "<group>";
		};
		8763D3241CEE255A00E3D528 /* Onboarding */ = {
			isa = PBXGroup;
			children = (
				8763D2CA1CEE226700E3D528 /* OnboardingViewController.swift */,
				8763D2CB1CEE226700E3D528 /* LoginViewController.swift */,
				8763D2CC1CEE226700E3D528 /* RegisterViewController.swift */,
			);
			name = Onboarding;
			sourceTree = "<group>";
		};
		8763D3251CEE256200E3D528 /* Loading */ = {
			isa = PBXGroup;
			children = (
				8763D2CF1CEE226700E3D528 /* LoadingViewController.swift */,
			);
			name = Loading;
			sourceTree = "<group>";
		};
		BAEE6982A2EBD2C1D64BAA23 /* Frameworks */ = {
			isa = PBXGroup;
			children = (
				3AC602CA27CECBBCF35FCD1E /* Pods_MorphuApp.framework */,
				CA2BDE5BBB2459DAB3FF5B80 /* Pods_Morphu.framework */,
			);
			name = Frameworks;
			sourceTree = "<group>";
		};
/* End PBXGroup section */

/* Begin PBXNativeTarget section */
		873AFA0C1CED7697006FD34A /* Morphu */ = {
			isa = PBXNativeTarget;
			buildConfigurationList = 873AFA1F1CED7697006FD34A /* Build configuration list for PBXNativeTarget "Morphu" */;
			buildPhases = (
				8096E78B139EE4586AD7A003 /* 📦 Check Pods Manifest.lock */,
				873AFA091CED7697006FD34A /* Sources */,
				873AFA0A1CED7697006FD34A /* Frameworks */,
				873AFA0B1CED7697006FD34A /* Resources */,
				CB89312FB0493140F375FFF3 /* 📦 Embed Pods Frameworks */,
				DFC7560C6D79885D4B5988F3 /* 📦 Copy Pods Resources */,
			);
			buildRules = (
			);
			dependencies = (
			);
			name = Morphu;
			productName = MorphuApp;
			productReference = 873AFA0D1CED7697006FD34A /* Morphu.app */;
			productType = "com.apple.product-type.application";
		};
/* End PBXNativeTarget section */

/* Begin PBXProject section */
		873AFA051CED7697006FD34A /* Project object */ = {
			isa = PBXProject;
			attributes = {
				LastSwiftUpdateCheck = 0730;
				LastUpgradeCheck = 0730;
				ORGANIZATIONNAME = "Dylan Wight";
				TargetAttributes = {
					873AFA0C1CED7697006FD34A = {
						CreatedOnToolsVersion = 7.3;
						DevelopmentTeam = RQ5HD8UR84;
						SystemCapabilities = {
							com.apple.Push = {
								enabled = 1;
							};
						};
					};
				};
			};
			buildConfigurationList = 873AFA081CED7697006FD34A /* Build configuration list for PBXProject "Morphu" */;
			compatibilityVersion = "Xcode 3.2";
			developmentRegion = English;
			hasScannedForEncodings = 0;
			knownRegions = (
				en,
				Base,
			);
			mainGroup = 873AFA041CED7697006FD34A;
			productRefGroup = 873AFA0E1CED7697006FD34A /* Products */;
			projectDirPath = "";
			projectRoot = "";
			targets = (
				873AFA0C1CED7697006FD34A /* Morphu */,
			);
		};
/* End PBXProject section */

/* Begin PBXResourcesBuildPhase section */
		873AFA0B1CED7697006FD34A /* Resources */ = {
			isa = PBXResourcesBuildPhase;
			buildActionMask = 2147483647;
			files = (
				8763D30B1CEE229C00E3D528 /* OpenSans-Regular.ttf in Resources */,
				8763D2BD1CEE221D00E3D528 /* Launch Screen.storyboard in Resources */,
				8763D3101CEE229C00E3D528 /* BPreplay.otf in Resources */,
				8763D30F1CEE229C00E3D528 /* Comfortaa_Regular.ttf in Resources */,
				8763D3151CEE22D300E3D528 /* Assets.xcassets in Resources */,
				8763D2BF1CEE223000E3D528 /* GoogleService-Info.plist in Resources */,
				8763D30D1CEE229C00E3D528 /* Oswald-Medium.ttf in Resources */,
				8763D30E1CEE229C00E3D528 /* KOMTXT__.ttf in Resources */,
				8763D30C1CEE229C00E3D528 /* SF_Cartoonist_Hand.ttf in Resources */,
				8763D2B91CEE21BC00E3D528 /* Main.storyboard in Resources */,
			);
			runOnlyForDeploymentPostprocessing = 0;
		};
/* End PBXResourcesBuildPhase section */

/* Begin PBXShellScriptBuildPhase section */
		8096E78B139EE4586AD7A003 /* 📦 Check Pods Manifest.lock */ = {
			isa = PBXShellScriptBuildPhase;
			buildActionMask = 2147483647;
			files = (
			);
			inputPaths = (
			);
			name = "📦 Check Pods Manifest.lock";
			outputPaths = (
			);
			runOnlyForDeploymentPostprocessing = 0;
			shellPath = /bin/sh;
			shellScript = "diff \"${PODS_ROOT}/../Podfile.lock\" \"${PODS_ROOT}/Manifest.lock\" > /dev/null\nif [[ $? != 0 ]] ; then\n    cat << EOM\nerror: The sandbox is not in sync with the Podfile.lock. Run 'pod install' or update your CocoaPods installation.\nEOM\n    exit 1\nfi\n";
			showEnvVarsInLog = 0;
		};
		CB89312FB0493140F375FFF3 /* 📦 Embed Pods Frameworks */ = {
			isa = PBXShellScriptBuildPhase;
			buildActionMask = 2147483647;
			files = (
			);
			inputPaths = (
			);
			name = "📦 Embed Pods Frameworks";
			outputPaths = (
			);
			runOnlyForDeploymentPostprocessing = 0;
			shellPath = /bin/sh;
			shellScript = "\"${SRCROOT}/Pods/Target Support Files/Pods-Morphu/Pods-Morphu-frameworks.sh\"\n";
			showEnvVarsInLog = 0;
		};
		DFC7560C6D79885D4B5988F3 /* 📦 Copy Pods Resources */ = {
			isa = PBXShellScriptBuildPhase;
			buildActionMask = 2147483647;
			files = (
			);
			inputPaths = (
			);
			name = "📦 Copy Pods Resources";
			outputPaths = (
			);
			runOnlyForDeploymentPostprocessing = 0;
			shellPath = /bin/sh;
			shellScript = "\"${SRCROOT}/Pods/Target Support Files/Pods-Morphu/Pods-Morphu-resources.sh\"\n";
			showEnvVarsInLog = 0;
		};
/* End PBXShellScriptBuildPhase section */

/* Begin PBXSourcesBuildPhase section */
		873AFA091CED7697006FD34A /* Sources */ = {
			isa = PBXSourcesBuildPhase;
			buildActionMask = 2147483647;
			files = (
				8763D2DE1CEE226700E3D528 /* TabBarController.swift in Sources */,
				87AD8F671CF78B2E001A2ABA /* Wall.swift in Sources */,
				87E1F67F1CF69ED1003FFF3F /* APIDelagate.swift in Sources */,
				8763D30A1CEE229C00E3D528 /* SegueFromLeft.swift in Sources */,
				8763D3011CEE229C00E3D528 /* DrawingCell.swift in Sources */,
				879473D41CF3B3FC0002A004 /* DrawingCellDelagate.swift in Sources */,
				8763D2FF1CEE229C00E3D528 /* ColorKeyboardDelagate.swift in Sources */,
				8763D3081CEE229C00E3D528 /* User.swift in Sources */,
				8748A6B71CF4C844003CEEE0 /* WriteCommentCellDelagate.swift in Sources */,
				8763D2DF1CEE226700E3D528 /* LoadingViewController.swift in Sources */,
				8763D3001CEE229C00E3D528 /* UserTableViewCell.swift in Sources */,
				8763D2D81CEE226700E3D528 /* GroupTableViewController.swift in Sources */,
				8763D2FD1CEE229C00E3D528 /* DescriptionInputDelagate.swift in Sources */,
				8763D2FC1CEE229C00E3D528 /* DescriptionInputView.swift in Sources */,
				8763D2FE1CEE229C00E3D528 /* CanvasDelagate.swift in Sources */,
				8763D2D61CEE226700E3D528 /* DrawingViewController.swift in Sources */,
				87E7ADE81CF38BEB00DC226A /* Drawing.swift in Sources */,
				879BCC9E1CF4C4A000CD95E7 /* WriteCommentCell.swift in Sources */,
				8763D2BB1CEE220200E3D528 /* AppDelegate.swift in Sources */,
				8763D2FA1CEE229C00E3D528 /* CanvasView.swift in Sources */,
				879BCC961CF3F04F00CD95E7 /* LikeViewController.swift in Sources */,
				87E7ADE61CF36D9D00DC226A /* PresentDrawingViewController.swift in Sources */,
				8763D2DD1CEE226700E3D528 /* NavigationController.swift in Sources */,
				8763D3111CEE229C00E3D528 /* ColorConstants.swift in Sources */,
				8763D3131CEE229C00E3D528 /* UIImageExtensions.swift in Sources */,
				87E1F67D1CF63AF5003FFF3F /* DrawingDelagate.swift in Sources */,
				879BCC9A1CF41A7900CD95E7 /* CommentViewController.swift in Sources */,
				8763D3091CEE229C00E3D528 /* API.swift in Sources */,
				8763D2FB1CEE229C00E3D528 /* ColorKeyboardView.swift in Sources */,
				8763D3121CEE229C00E3D528 /* UIColorExtensions.swift in Sources */,
				879BCC981CF4137F00CD95E7 /* Comment.swift in Sources */,
				8763D2DA1CEE226700E3D528 /* OnboardingViewController.swift in Sources */,
				8763D2DC1CEE226700E3D528 /* RegisterViewController.swift in Sources */,
				8763D2DB1CEE226700E3D528 /* LoginViewController.swift in Sources */,
				8763D2D01CEE226700E3D528 /* WallViewController.swift in Sources */,
				879BCC9C1CF41DE600CD95E7 /* CommentCell.swift in Sources */,
			);
			runOnlyForDeploymentPostprocessing = 0;
		};
/* End PBXSourcesBuildPhase section */

/* Begin XCBuildConfiguration section */
		873AFA1D1CED7697006FD34A /* Debug */ = {
			isa = XCBuildConfiguration;
			buildSettings = {
				ALWAYS_SEARCH_USER_PATHS = NO;
				CLANG_ANALYZER_NONNULL = YES;
				CLANG_CXX_LANGUAGE_STANDARD = "gnu++0x";
				CLANG_CXX_LIBRARY = "libc++";
				CLANG_ENABLE_MODULES = YES;
				CLANG_ENABLE_OBJC_ARC = YES;
				CLANG_WARN_BOOL_CONVERSION = YES;
				CLANG_WARN_CONSTANT_CONVERSION = YES;
				CLANG_WARN_DIRECT_OBJC_ISA_USAGE = YES_ERROR;
				CLANG_WARN_EMPTY_BODY = YES;
				CLANG_WARN_ENUM_CONVERSION = YES;
				CLANG_WARN_INT_CONVERSION = YES;
				CLANG_WARN_OBJC_ROOT_CLASS = YES_ERROR;
				CLANG_WARN_UNREACHABLE_CODE = YES;
				CLANG_WARN__DUPLICATE_METHOD_MATCH = YES;
				"CODE_SIGN_IDENTITY[sdk=iphoneos*]" = "iPhone Developer";
				COPY_PHASE_STRIP = NO;
				DEBUG_INFORMATION_FORMAT = dwarf;
				ENABLE_STRICT_OBJC_MSGSEND = YES;
				ENABLE_TESTABILITY = YES;
				GCC_C_LANGUAGE_STANDARD = gnu99;
				GCC_DYNAMIC_NO_PIC = NO;
				GCC_NO_COMMON_BLOCKS = YES;
				GCC_OPTIMIZATION_LEVEL = 0;
				GCC_PREPROCESSOR_DEFINITIONS = (
					"DEBUG=1",
					"$(inherited)",
				);
				GCC_WARN_64_TO_32_BIT_CONVERSION = YES;
				GCC_WARN_ABOUT_RETURN_TYPE = YES_ERROR;
				GCC_WARN_UNDECLARED_SELECTOR = YES;
				GCC_WARN_UNINITIALIZED_AUTOS = YES_AGGRESSIVE;
				GCC_WARN_UNUSED_FUNCTION = YES;
				GCC_WARN_UNUSED_VARIABLE = YES;
				IPHONEOS_DEPLOYMENT_TARGET = 9.3;
				MTL_ENABLE_DEBUG_INFO = YES;
				ONLY_ACTIVE_ARCH = YES;
				SDKROOT = iphoneos;
				SWIFT_OPTIMIZATION_LEVEL = "-Onone";
			};
			name = Debug;
		};
		873AFA1E1CED7697006FD34A /* Release */ = {
			isa = XCBuildConfiguration;
			buildSettings = {
				ALWAYS_SEARCH_USER_PATHS = NO;
				CLANG_ANALYZER_NONNULL = YES;
				CLANG_CXX_LANGUAGE_STANDARD = "gnu++0x";
				CLANG_CXX_LIBRARY = "libc++";
				CLANG_ENABLE_MODULES = YES;
				CLANG_ENABLE_OBJC_ARC = YES;
				CLANG_WARN_BOOL_CONVERSION = YES;
				CLANG_WARN_CONSTANT_CONVERSION = YES;
				CLANG_WARN_DIRECT_OBJC_ISA_USAGE = YES_ERROR;
				CLANG_WARN_EMPTY_BODY = YES;
				CLANG_WARN_ENUM_CONVERSION = YES;
				CLANG_WARN_INT_CONVERSION = YES;
				CLANG_WARN_OBJC_ROOT_CLASS = YES_ERROR;
				CLANG_WARN_UNREACHABLE_CODE = YES;
				CLANG_WARN__DUPLICATE_METHOD_MATCH = YES;
				"CODE_SIGN_IDENTITY[sdk=iphoneos*]" = "iPhone Developer";
				COPY_PHASE_STRIP = NO;
				DEBUG_INFORMATION_FORMAT = "dwarf-with-dsym";
				ENABLE_NS_ASSERTIONS = NO;
				ENABLE_STRICT_OBJC_MSGSEND = YES;
				GCC_C_LANGUAGE_STANDARD = gnu99;
				GCC_NO_COMMON_BLOCKS = YES;
				GCC_WARN_64_TO_32_BIT_CONVERSION = YES;
				GCC_WARN_ABOUT_RETURN_TYPE = YES_ERROR;
				GCC_WARN_UNDECLARED_SELECTOR = YES;
				GCC_WARN_UNINITIALIZED_AUTOS = YES_AGGRESSIVE;
				GCC_WARN_UNUSED_FUNCTION = YES;
				GCC_WARN_UNUSED_VARIABLE = YES;
				IPHONEOS_DEPLOYMENT_TARGET = 9.3;
				MTL_ENABLE_DEBUG_INFO = NO;
				SDKROOT = iphoneos;
				VALIDATE_PRODUCT = YES;
			};
			name = Release;
		};
		873AFA201CED7697006FD34A /* Debug */ = {
			isa = XCBuildConfiguration;
			baseConfigurationReference = FB8FDCD7C2DF9A66DCC349FB /* Pods-Morphu.debug.xcconfig */;
			buildSettings = {
				ASSETCATALOG_COMPILER_APPICON_NAME = AppIcon;
				INFOPLIST_FILE = MorphuApp/Info.plist;
				LD_RUNPATH_SEARCH_PATHS = "$(inherited) @executable_path/Frameworks";
				PRODUCT_BUNDLE_IDENTIFIER = Morphu;
				PRODUCT_NAME = Morphu;
			};
			name = Debug;
		};
		873AFA211CED7697006FD34A /* Release */ = {
			isa = XCBuildConfiguration;
			baseConfigurationReference = C45E9835818095253005D81B /* Pods-Morphu.release.xcconfig */;
			buildSettings = {
				ASSETCATALOG_COMPILER_APPICON_NAME = AppIcon;
				INFOPLIST_FILE = MorphuApp/Info.plist;
				LD_RUNPATH_SEARCH_PATHS = "$(inherited) @executable_path/Frameworks";
				PRODUCT_BUNDLE_IDENTIFIER = Morphu;
				PRODUCT_NAME = Morphu;
			};
			name = Release;
		};
/* End XCBuildConfiguration section */

/* Begin XCConfigurationList section */
		873AFA081CED7697006FD34A /* Build configuration list for PBXProject "Morphu" */ = {
			isa = XCConfigurationList;
			buildConfigurations = (
				873AFA1D1CED7697006FD34A /* Debug */,
				873AFA1E1CED7697006FD34A /* Release */,
			);
			defaultConfigurationIsVisible = 0;
			defaultConfigurationName = Release;
		};
		873AFA1F1CED7697006FD34A /* Build configuration list for PBXNativeTarget "Morphu" */ = {
			isa = XCConfigurationList;
			buildConfigurations = (
				873AFA201CED7697006FD34A /* Debug */,
				873AFA211CED7697006FD34A /* Release */,
			);
			defaultConfigurationIsVisible = 0;
			defaultConfigurationName = Release;
		};
/* End XCConfigurationList section */
	};
	rootObject = 873AFA051CED7697006FD34A /* Project object */;
}
